// !$*UTF8*$!
{
	archiveVersion = 1;
	classes = {
	};
	objectVersion = 51;
	objects = {

/* Begin PBXBuildFile section */
		7018D7C75CBDC52FFC15A9C1 /* Pods_Jam.framework in Frameworks */ = {isa = PBXBuildFile; fileRef = 80FBF20DD3AA248581FB586D /* Pods_Jam.framework */; };
		84457353236D22EC005486DD /* BandDetailViewModel.swift in Sources */ = {isa = PBXBuildFile; fileRef = 84457352236D22EC005486DD /* BandDetailViewModel.swift */; };
		8448A11B23AC37E4000DFC3D /* BandDetailProvider.swift in Sources */ = {isa = PBXBuildFile; fileRef = 8448A11A23AC37E4000DFC3D /* BandDetailProvider.swift */; };
		844D305623DFE63C001E5FBC /* MyAdsDetailProvider.swift in Sources */ = {isa = PBXBuildFile; fileRef = 844D305523DFE63C001E5FBC /* MyAdsDetailProvider.swift */; };
		844D305823DFE655001E5FBC /* MyAdsDetailViewController.swift in Sources */ = {isa = PBXBuildFile; fileRef = 844D305723DFE655001E5FBC /* MyAdsDetailViewController.swift */; };
		844D305A23DFE67D001E5FBC /* MyAdsDetailViewModel.swift in Sources */ = {isa = PBXBuildFile; fileRef = 844D305923DFE67D001E5FBC /* MyAdsDetailViewModel.swift */; };
		844D305D23DFE798001E5FBC /* MyAdsTableViewCell.swift in Sources */ = {isa = PBXBuildFile; fileRef = 844D305C23DFE798001E5FBC /* MyAdsTableViewCell.swift */; };
		844D305F23DFE7B2001E5FBC /* MyAdsListProvider.swift in Sources */ = {isa = PBXBuildFile; fileRef = 844D305E23DFE7B2001E5FBC /* MyAdsListProvider.swift */; };
		844D306123DFE7DE001E5FBC /* MyAdsListViewController.swift in Sources */ = {isa = PBXBuildFile; fileRef = 844D306023DFE7DE001E5FBC /* MyAdsListViewController.swift */; };
		844D306323DFE7F0001E5FBC /* MyAdsListViewModel.swift in Sources */ = {isa = PBXBuildFile; fileRef = 844D306223DFE7F0001E5FBC /* MyAdsListViewModel.swift */; };
		844D306523DFE977001E5FBC /* Advertising.swift in Sources */ = {isa = PBXBuildFile; fileRef = 844D306423DFE977001E5FBC /* Advertising.swift */; };
		844D306723DFFB1D001E5FBC /* Ads.storyboard in Resources */ = {isa = PBXBuildFile; fileRef = 844D306623DFFB1D001E5FBC /* Ads.storyboard */; };
		844DBC0723DBE4EA00B024BE /* MusiciansDetailProvider.swift in Sources */ = {isa = PBXBuildFile; fileRef = 844DBC0623DBE4EA00B024BE /* MusiciansDetailProvider.swift */; };
		844DBC0923DBE52000B024BE /* MusiciansDetailViewController.swift in Sources */ = {isa = PBXBuildFile; fileRef = 844DBC0823DBE52000B024BE /* MusiciansDetailViewController.swift */; };
		844DBC0B23DBE53700B024BE /* MusiciansDetailViewModel.swift in Sources */ = {isa = PBXBuildFile; fileRef = 844DBC0A23DBE53700B024BE /* MusiciansDetailViewModel.swift */; };
		844DBC0D23DBE5B500B024BE /* MusiciansTableViewCell.swift in Sources */ = {isa = PBXBuildFile; fileRef = 844DBC0C23DBE5B500B024BE /* MusiciansTableViewCell.swift */; };
		844DBC0F23DBE5D200B024BE /* MusiciansListProvider.swift in Sources */ = {isa = PBXBuildFile; fileRef = 844DBC0E23DBE5D200B024BE /* MusiciansListProvider.swift */; };
		844DBC1123DBE5F400B024BE /* MusiciansListViewController.swift in Sources */ = {isa = PBXBuildFile; fileRef = 844DBC1023DBE5F400B024BE /* MusiciansListViewController.swift */; };
		844DBC1323DBE60900B024BE /* MusiciansFilterViewController.swift in Sources */ = {isa = PBXBuildFile; fileRef = 844DBC1223DBE60900B024BE /* MusiciansFilterViewController.swift */; };
		844DBC1523DBE62F00B024BE /* MusiciansListViewModel.swift in Sources */ = {isa = PBXBuildFile; fileRef = 844DBC1423DBE62F00B024BE /* MusiciansListViewModel.swift */; };
		844DBC1723DBE64600B024BE /* MusiciansFilterViewModel.swift in Sources */ = {isa = PBXBuildFile; fileRef = 844DBC1623DBE64600B024BE /* MusiciansFilterViewModel.swift */; };
		844DBC1A23DBE89F00B024BE /* Musicians.storyboard in Resources */ = {isa = PBXBuildFile; fileRef = 844DBC1823DBE89F00B024BE /* Musicians.storyboard */; };
		844DC9C223A1E7A70020A262 /* SignUpView.storyboard in Resources */ = {isa = PBXBuildFile; fileRef = 844DC9C023A1E7A70020A262 /* SignUpView.storyboard */; };
		844DC9C623A1E7FA0020A262 /* LoginView.storyboard in Resources */ = {isa = PBXBuildFile; fileRef = 844DC9C423A1E7FA0020A262 /* LoginView.storyboard */; };
		844E861D239D7E8E005D879B /* GoogleService-Info.plist in Resources */ = {isa = PBXBuildFile; fileRef = 844E861C239D7E8E005D879B /* GoogleService-Info.plist */; };
		844F6BCB23C6E8D300E4F1DA /* UIImageExtension.swift in Sources */ = {isa = PBXBuildFile; fileRef = 844F6BCA23C6E8D300E4F1DA /* UIImageExtension.swift */; };
		8458446623CFB31100F399DB /* BandFilterViewModel.swift in Sources */ = {isa = PBXBuildFile; fileRef = 8458446523CFB31100F399DB /* BandFilterViewModel.swift */; };
		8458446823CFB73A00F399DB /* BandFilterViewController.swift in Sources */ = {isa = PBXBuildFile; fileRef = 8458446723CFB73A00F399DB /* BandFilterViewController.swift */; };
		845871C923D4EA0A00A70B19 /* Profile.storyboard in Resources */ = {isa = PBXBuildFile; fileRef = 845871C823D4EA0A00A70B19 /* Profile.storyboard */; };
		845871CB23D50D6800A70B19 /* ProfileEditViewController.swift in Sources */ = {isa = PBXBuildFile; fileRef = 845871CA23D50D6800A70B19 /* ProfileEditViewController.swift */; };
		845871CE23D5108300A70B19 /* ProfileProvider.swift in Sources */ = {isa = PBXBuildFile; fileRef = 845871CD23D5108300A70B19 /* ProfileProvider.swift */; };
		845871D123D5123E00A70B19 /* ProfileEditViewModel.swift in Sources */ = {isa = PBXBuildFile; fileRef = 845871D023D5123E00A70B19 /* ProfileEditViewModel.swift */; };
		8459566F2394471D00026A89 /* Constants.swift in Sources */ = {isa = PBXBuildFile; fileRef = 8459566E2394471D00026A89 /* Constants.swift */; };
		84595677239449D200026A89 /* ProfileViewController.swift in Sources */ = {isa = PBXBuildFile; fileRef = 84595676239449D200026A89 /* ProfileViewController.swift */; };
		845BFAA4238BB53600D7DD0E /* UIColor.swift in Sources */ = {isa = PBXBuildFile; fileRef = 845BFAA3238BB53600D7DD0E /* UIColor.swift */; };
		845EB4032383608A003A7F6A /* ImagePicker.swift in Sources */ = {isa = PBXBuildFile; fileRef = 845EB4022383608A003A7F6A /* ImagePicker.swift */; };
		8462E5432393397C00F017CF /* LoginViewController.swift in Sources */ = {isa = PBXBuildFile; fileRef = 8462E5422393397C00F017CF /* LoginViewController.swift */; };
		846F17002398C4EF00CE1712 /* LoginProvider.swift in Sources */ = {isa = PBXBuildFile; fileRef = 846F16FF2398C4EF00CE1712 /* LoginProvider.swift */; };
		846F17032398C8E800CE1712 /* LoginViewModel.swift in Sources */ = {isa = PBXBuildFile; fileRef = 846F17022398C8E800CE1712 /* LoginViewModel.swift */; };
		8478A95E23AEF81D0046B60C /* LocationMapViewController.swift in Sources */ = {isa = PBXBuildFile; fileRef = 8478A95D23AEF81D0046B60C /* LocationMapViewController.swift */; };
		84892E7F23939591000CBCE8 /* SignUpViewController.swift in Sources */ = {isa = PBXBuildFile; fileRef = 84892E7E23939591000CBCE8 /* SignUpViewController.swift */; };
		848AE7EB2384BBF50089F515 /* MyBandDetailProvider.swift in Sources */ = {isa = PBXBuildFile; fileRef = 848AE7EA2384BBF50089F515 /* MyBandDetailProvider.swift */; };
		848DA666239C85EA00996D04 /* SignUpProvider.swift in Sources */ = {isa = PBXBuildFile; fileRef = 848DA665239C85EA00996D04 /* SignUpProvider.swift */; };
		848DA668239C8E4B00996D04 /* SignUpViewModel.swift in Sources */ = {isa = PBXBuildFile; fileRef = 848DA667239C8E4B00996D04 /* SignUpViewModel.swift */; };
		8495FCF9239234D00099B635 /* MyBands.storyboard in Resources */ = {isa = PBXBuildFile; fileRef = 8495FCF7239234D00099B635 /* MyBands.storyboard */; };
		8495FCFB239234E90099B635 /* Bands.storyboard in Resources */ = {isa = PBXBuildFile; fileRef = 8495FCFA239234E90099B635 /* Bands.storyboard */; };
		84A440EF2381C75100685924 /* MyBandListViewController.swift in Sources */ = {isa = PBXBuildFile; fileRef = 84A440EE2381C75100685924 /* MyBandListViewController.swift */; };
		84A440F12381C79700685924 /* MyBandListProvider.swift in Sources */ = {isa = PBXBuildFile; fileRef = 84A440F02381C79700685924 /* MyBandListProvider.swift */; };
		84A440F32381D89100685924 /* MyBandDetailViewController.swift in Sources */ = {isa = PBXBuildFile; fileRef = 84A440F22381D89100685924 /* MyBandDetailViewController.swift */; };
		84A440F52381DC3A00685924 /* MyBandListViewModel.swift in Sources */ = {isa = PBXBuildFile; fileRef = 84A440F42381DC3A00685924 /* MyBandListViewModel.swift */; };
		84A440F72381DC4C00685924 /* MyBandDetailViewModel.swift in Sources */ = {isa = PBXBuildFile; fileRef = 84A440F62381DC4C00685924 /* MyBandDetailViewModel.swift */; };
		84A440F923821CBF00685924 /* MyBandTableViewCell.swift in Sources */ = {isa = PBXBuildFile; fileRef = 84A440F823821CBF00685924 /* MyBandTableViewCell.swift */; };
		BB0AEB18236A992700B7FA29 /* BandListProvider.swift in Sources */ = {isa = PBXBuildFile; fileRef = BB0AEB17236A992700B7FA29 /* BandListProvider.swift */; };
		BB156A1B2362877E00BB1823 /* Review.swift in Sources */ = {isa = PBXBuildFile; fileRef = BB156A1A2362877E00BB1823 /* Review.swift */; };
		BB156A1D2362882A00BB1823 /* User.swift in Sources */ = {isa = PBXBuildFile; fileRef = BB156A1C2362882A00BB1823 /* User.swift */; };
		BB156A1F23629D2300BB1823 /* BandDetailViewController.swift in Sources */ = {isa = PBXBuildFile; fileRef = BB156A1E23629D2300BB1823 /* BandDetailViewController.swift */; };
		BB19BC64235EBD1A00C1098C /* AppDelegate.swift in Sources */ = {isa = PBXBuildFile; fileRef = BB19BC63235EBD1A00C1098C /* AppDelegate.swift */; };
		BB19BC66235EBD1A00C1098C /* SceneDelegate.swift in Sources */ = {isa = PBXBuildFile; fileRef = BB19BC65235EBD1A00C1098C /* SceneDelegate.swift */; };
		BB19BC68235EBD1A00C1098C /* BandListViewController.swift in Sources */ = {isa = PBXBuildFile; fileRef = BB19BC67235EBD1A00C1098C /* BandListViewController.swift */; };
		BB19BC6B235EBD1A00C1098C /* Main.storyboard in Resources */ = {isa = PBXBuildFile; fileRef = BB19BC69235EBD1A00C1098C /* Main.storyboard */; };
		BB19BC6D235EBD1E00C1098C /* Assets.xcassets in Resources */ = {isa = PBXBuildFile; fileRef = BB19BC6C235EBD1E00C1098C /* Assets.xcassets */; };
		BB19BC70235EBD1E00C1098C /* LaunchScreen.storyboard in Resources */ = {isa = PBXBuildFile; fileRef = BB19BC6E235EBD1E00C1098C /* LaunchScreen.storyboard */; };
		BB19BC78235EBF3200C1098C /* Genre.swift in Sources */ = {isa = PBXBuildFile; fileRef = BB19BC77235EBF3200C1098C /* Genre.swift */; };
		BB19BC7A235EC13B00C1098C /* Band.swift in Sources */ = {isa = PBXBuildFile; fileRef = BB19BC79235EC13B00C1098C /* Band.swift */; };
		BB19BC7C235EC40200C1098C /* Musician.swift in Sources */ = {isa = PBXBuildFile; fileRef = BB19BC7B235EC40200C1098C /* Musician.swift */; };
		BB7E5921236936DF005FAADF /* BandListViewModel.swift in Sources */ = {isa = PBXBuildFile; fileRef = BB7E5920236936DF005FAADF /* BandListViewModel.swift */; };
		BB7E59242369381D005FAADF /* ArrayExtension.swift in Sources */ = {isa = PBXBuildFile; fileRef = BB7E59232369381D005FAADF /* ArrayExtension.swift */; };
		BB836E2E2362740600D4711D /* Skills.swift in Sources */ = {isa = PBXBuildFile; fileRef = BB836E2D2362740600D4711D /* Skills.swift */; };
		BB836E302362771D00D4711D /* Location.swift in Sources */ = {isa = PBXBuildFile; fileRef = BB836E2F2362771D00D4711D /* Location.swift */; };
		BB8E079E2364B20000C0DCB6 /* FileManagerExtension.swift in Sources */ = {isa = PBXBuildFile; fileRef = BB8E079D2364B20000C0DCB6 /* FileManagerExtension.swift */; };
		BB8E07A12364B2C500C0DCB6 /* UIImageView.swift in Sources */ = {isa = PBXBuildFile; fileRef = BB8E07A02364B2C500C0DCB6 /* UIImageView.swift */; };
		BBB9BC372363DA7A00DB93BD /* BandTableViewCell.swift in Sources */ = {isa = PBXBuildFile; fileRef = BBB9BC362363DA7A00DB93BD /* BandTableViewCell.swift */; };
/* End PBXBuildFile section */

/* Begin PBXFileReference section */
		40ECC85689383E7E64D440B5 /* Pods-Project.release.xcconfig */ = {isa = PBXFileReference; includeInIndex = 1; lastKnownFileType = text.xcconfig; name = "Pods-Project.release.xcconfig"; path = "Target Support Files/Pods-Project/Pods-Project.release.xcconfig"; sourceTree = "<group>"; };
		6B249B78380B0E2EDE210C5D /* Pods-Project.debug.xcconfig */ = {isa = PBXFileReference; includeInIndex = 1; lastKnownFileType = text.xcconfig; name = "Pods-Project.debug.xcconfig"; path = "Target Support Files/Pods-Project/Pods-Project.debug.xcconfig"; sourceTree = "<group>"; };
		80FBF20DD3AA248581FB586D /* Pods_Jam.framework */ = {isa = PBXFileReference; explicitFileType = wrapper.framework; includeInIndex = 0; path = Pods_Jam.framework; sourceTree = BUILT_PRODUCTS_DIR; };
		84457352236D22EC005486DD /* BandDetailViewModel.swift */ = {isa = PBXFileReference; fileEncoding = 4; lastKnownFileType = sourcecode.swift; path = BandDetailViewModel.swift; sourceTree = "<group>"; };
		8448A11A23AC37E4000DFC3D /* BandDetailProvider.swift */ = {isa = PBXFileReference; lastKnownFileType = sourcecode.swift; path = BandDetailProvider.swift; sourceTree = "<group>"; };
		844D305523DFE63C001E5FBC /* MyAdsDetailProvider.swift */ = {isa = PBXFileReference; fileEncoding = 4; lastKnownFileType = sourcecode.swift; name = MyAdsDetailProvider.swift; path = "Project/Modules/My Bands/Details/Provider/MyAdsDetailProvider.swift"; sourceTree = SOURCE_ROOT; };
		844D305723DFE655001E5FBC /* MyAdsDetailViewController.swift */ = {isa = PBXFileReference; fileEncoding = 4; lastKnownFileType = sourcecode.swift; name = MyAdsDetailViewController.swift; path = "Project/Modules/My Bands/Details/ViewController/MyAdsDetailViewController.swift"; sourceTree = SOURCE_ROOT; };
		844D305923DFE67D001E5FBC /* MyAdsDetailViewModel.swift */ = {isa = PBXFileReference; fileEncoding = 4; lastKnownFileType = sourcecode.swift; name = MyAdsDetailViewModel.swift; path = "Project/Modules/My Bands/Details/ViewModel/MyAdsDetailViewModel.swift"; sourceTree = SOURCE_ROOT; };
		844D305C23DFE798001E5FBC /* MyAdsTableViewCell.swift */ = {isa = PBXFileReference; fileEncoding = 4; lastKnownFileType = sourcecode.swift; name = MyAdsTableViewCell.swift; path = "Project/Modules/My Bands/List/Cell/MyAdsTableViewCell.swift"; sourceTree = SOURCE_ROOT; };
		844D305E23DFE7B2001E5FBC /* MyAdsListProvider.swift */ = {isa = PBXFileReference; fileEncoding = 4; lastKnownFileType = sourcecode.swift; name = MyAdsListProvider.swift; path = "Project/Modules/My Bands/List/Provider/MyAdsListProvider.swift"; sourceTree = SOURCE_ROOT; };
		844D306023DFE7DE001E5FBC /* MyAdsListViewController.swift */ = {isa = PBXFileReference; fileEncoding = 4; lastKnownFileType = sourcecode.swift; name = MyAdsListViewController.swift; path = "Project/Modules/My Bands/List/ViewController/MyAdsListViewController.swift"; sourceTree = SOURCE_ROOT; };
		844D306223DFE7F0001E5FBC /* MyAdsListViewModel.swift */ = {isa = PBXFileReference; fileEncoding = 4; lastKnownFileType = sourcecode.swift; name = MyAdsListViewModel.swift; path = "Project/Modules/My Bands/List/ViewModel/MyAdsListViewModel.swift"; sourceTree = SOURCE_ROOT; };
		844D306423DFE977001E5FBC /* Advertising.swift */ = {isa = PBXFileReference; fileEncoding = 4; lastKnownFileType = sourcecode.swift; path = Advertising.swift; sourceTree = "<group>"; };
		844D306623DFFB1D001E5FBC /* Ads.storyboard */ = {isa = PBXFileReference; fileEncoding = 4; lastKnownFileType = file.storyboard; name = Ads.storyboard; path = Project/Modules/Profile/View/Ads.storyboard; sourceTree = SOURCE_ROOT; };
		844DBC0623DBE4EA00B024BE /* MusiciansDetailProvider.swift */ = {isa = PBXFileReference; fileEncoding = 4; lastKnownFileType = sourcecode.swift; name = MusiciansDetailProvider.swift; path = Project/Modules/Bands/Details/Provider/MusiciansDetailProvider.swift; sourceTree = SOURCE_ROOT; };
		844DBC0823DBE52000B024BE /* MusiciansDetailViewController.swift */ = {isa = PBXFileReference; fileEncoding = 4; lastKnownFileType = sourcecode.swift; name = MusiciansDetailViewController.swift; path = Project/Modules/Bands/Details/ViewController/MusiciansDetailViewController.swift; sourceTree = SOURCE_ROOT; };
		844DBC0A23DBE53700B024BE /* MusiciansDetailViewModel.swift */ = {isa = PBXFileReference; fileEncoding = 4; lastKnownFileType = sourcecode.swift; name = MusiciansDetailViewModel.swift; path = Project/Modules/Bands/Details/ViewModel/MusiciansDetailViewModel.swift; sourceTree = SOURCE_ROOT; };
		844DBC0C23DBE5B500B024BE /* MusiciansTableViewCell.swift */ = {isa = PBXFileReference; fileEncoding = 4; lastKnownFileType = sourcecode.swift; name = MusiciansTableViewCell.swift; path = Project/Modules/Bands/List/Cell/MusiciansTableViewCell.swift; sourceTree = SOURCE_ROOT; };
		844DBC0E23DBE5D200B024BE /* MusiciansListProvider.swift */ = {isa = PBXFileReference; fileEncoding = 4; lastKnownFileType = sourcecode.swift; name = MusiciansListProvider.swift; path = Project/Modules/Bands/List/Provider/MusiciansListProvider.swift; sourceTree = SOURCE_ROOT; };
		844DBC1023DBE5F400B024BE /* MusiciansListViewController.swift */ = {isa = PBXFileReference; fileEncoding = 4; lastKnownFileType = sourcecode.swift; name = MusiciansListViewController.swift; path = Project/Modules/Bands/List/ViewController/MusiciansListViewController.swift; sourceTree = SOURCE_ROOT; };
		844DBC1223DBE60900B024BE /* MusiciansFilterViewController.swift */ = {isa = PBXFileReference; fileEncoding = 4; lastKnownFileType = sourcecode.swift; name = MusiciansFilterViewController.swift; path = Project/Modules/Musicians/List/ViewController/MusiciansFilterViewController.swift; sourceTree = SOURCE_ROOT; };
		844DBC1423DBE62F00B024BE /* MusiciansListViewModel.swift */ = {isa = PBXFileReference; fileEncoding = 4; lastKnownFileType = sourcecode.swift; name = MusiciansListViewModel.swift; path = Project/Modules/Bands/List/ViewModel/MusiciansListViewModel.swift; sourceTree = SOURCE_ROOT; };
		844DBC1623DBE64600B024BE /* MusiciansFilterViewModel.swift */ = {isa = PBXFileReference; fileEncoding = 4; lastKnownFileType = sourcecode.swift; name = MusiciansFilterViewModel.swift; path = Project/Modules/Bands/List/ViewModel/MusiciansFilterViewModel.swift; sourceTree = SOURCE_ROOT; };
		844DBC1923DBE89F00B024BE /* Base */ = {isa = PBXFileReference; lastKnownFileType = file.storyboard; name = Base; path = Project/View/Base.lproj/Musicians.storyboard; sourceTree = SOURCE_ROOT; };
		844DC9C123A1E7A70020A262 /* Base */ = {isa = PBXFileReference; lastKnownFileType = file.storyboard; name = Base; path = Project/View/Base.lproj/SignUpView.storyboard; sourceTree = SOURCE_ROOT; };
		844DC9C523A1E7FA0020A262 /* Base */ = {isa = PBXFileReference; lastKnownFileType = file.storyboard; name = Base; path = Project/View/Base.lproj/LoginView.storyboard; sourceTree = SOURCE_ROOT; };
		844E861C239D7E8E005D879B /* GoogleService-Info.plist */ = {isa = PBXFileReference; fileEncoding = 4; lastKnownFileType = text.plist.xml; path = "GoogleService-Info.plist"; sourceTree = "<group>"; };
		844F6BCA23C6E8D300E4F1DA /* UIImageExtension.swift */ = {isa = PBXFileReference; lastKnownFileType = sourcecode.swift; path = UIImageExtension.swift; sourceTree = "<group>"; };
		8458446523CFB31100F399DB /* BandFilterViewModel.swift */ = {isa = PBXFileReference; fileEncoding = 4; lastKnownFileType = sourcecode.swift; path = BandFilterViewModel.swift; sourceTree = "<group>"; };
		8458446723CFB73A00F399DB /* BandFilterViewController.swift */ = {isa = PBXFileReference; lastKnownFileType = sourcecode.swift; path = BandFilterViewController.swift; sourceTree = SOURCE_ROOT; };
		845871C823D4EA0A00A70B19 /* Profile.storyboard */ = {isa = PBXFileReference; fileEncoding = 4; lastKnownFileType = file.storyboard; path = Profile.storyboard; sourceTree = "<group>"; };
		845871CA23D50D6800A70B19 /* ProfileEditViewController.swift */ = {isa = PBXFileReference; fileEncoding = 4; lastKnownFileType = sourcecode.swift; path = ProfileEditViewController.swift; sourceTree = "<group>"; };
		845871CD23D5108300A70B19 /* ProfileProvider.swift */ = {isa = PBXFileReference; fileEncoding = 4; lastKnownFileType = sourcecode.swift; name = ProfileProvider.swift; path = Project/Modules/Profile/ViewController/ProfileProvider.swift; sourceTree = SOURCE_ROOT; };
		845871D023D5123E00A70B19 /* ProfileEditViewModel.swift */ = {isa = PBXFileReference; fileEncoding = 4; lastKnownFileType = sourcecode.swift; name = ProfileEditViewModel.swift; path = "Project/Modules/My Bands/Details/ViewModel/ProfileEditViewModel.swift"; sourceTree = SOURCE_ROOT; };
		84589F9B2394D83300557446 /* Jam.entitlements */ = {isa = PBXFileReference; lastKnownFileType = text.plist.entitlements; path = Jam.entitlements; sourceTree = "<group>"; };
		8459566E2394471D00026A89 /* Constants.swift */ = {isa = PBXFileReference; lastKnownFileType = sourcecode.swift; name = Constants.swift; path = "Project/Modules/Sign Up/ViewController/Constants.swift"; sourceTree = SOURCE_ROOT; };
		84595676239449D200026A89 /* ProfileViewController.swift */ = {isa = PBXFileReference; lastKnownFileType = sourcecode.swift; path = ProfileViewController.swift; sourceTree = "<group>"; };
		845BFAA3238BB53600D7DD0E /* UIColor.swift */ = {isa = PBXFileReference; fileEncoding = 4; lastKnownFileType = sourcecode.swift; path = UIColor.swift; sourceTree = "<group>"; };
		845EB4022383608A003A7F6A /* ImagePicker.swift */ = {isa = PBXFileReference; fileEncoding = 4; lastKnownFileType = sourcecode.swift; path = ImagePicker.swift; sourceTree = "<group>"; };
		8462E5422393397C00F017CF /* LoginViewController.swift */ = {isa = PBXFileReference; lastKnownFileType = sourcecode.swift; path = LoginViewController.swift; sourceTree = "<group>"; };
		846F16FF2398C4EF00CE1712 /* LoginProvider.swift */ = {isa = PBXFileReference; lastKnownFileType = sourcecode.swift; path = LoginProvider.swift; sourceTree = "<group>"; };
		846F17022398C8E800CE1712 /* LoginViewModel.swift */ = {isa = PBXFileReference; lastKnownFileType = sourcecode.swift; path = LoginViewModel.swift; sourceTree = "<group>"; };
		8478A95D23AEF81D0046B60C /* LocationMapViewController.swift */ = {isa = PBXFileReference; lastKnownFileType = sourcecode.swift; name = LocationMapViewController.swift; path = "Project/Modules/My Bands/Details/ViewController/LocationMapViewController.swift"; sourceTree = SOURCE_ROOT; };
		84892E7E23939591000CBCE8 /* SignUpViewController.swift */ = {isa = PBXFileReference; lastKnownFileType = sourcecode.swift; path = SignUpViewController.swift; sourceTree = "<group>"; };
		848AE7EA2384BBF50089F515 /* MyBandDetailProvider.swift */ = {isa = PBXFileReference; fileEncoding = 4; lastKnownFileType = sourcecode.swift; path = MyBandDetailProvider.swift; sourceTree = "<group>"; };
		848DA665239C85EA00996D04 /* SignUpProvider.swift */ = {isa = PBXFileReference; lastKnownFileType = sourcecode.swift; path = SignUpProvider.swift; sourceTree = "<group>"; };
		848DA667239C8E4B00996D04 /* SignUpViewModel.swift */ = {isa = PBXFileReference; lastKnownFileType = sourcecode.swift; path = SignUpViewModel.swift; sourceTree = "<group>"; };
		8495FCF8239234D00099B635 /* Base */ = {isa = PBXFileReference; lastKnownFileType = file.storyboard; name = Base; path = Project/View/Base.lproj/MyBands.storyboard; sourceTree = SOURCE_ROOT; };
		8495FCFA239234E90099B635 /* Bands.storyboard */ = {isa = PBXFileReference; fileEncoding = 4; lastKnownFileType = file.storyboard; path = Bands.storyboard; sourceTree = SOURCE_ROOT; };
		84A440EE2381C75100685924 /* MyBandListViewController.swift */ = {isa = PBXFileReference; fileEncoding = 4; lastKnownFileType = sourcecode.swift; path = MyBandListViewController.swift; sourceTree = "<group>"; };
		84A440F02381C79700685924 /* MyBandListProvider.swift */ = {isa = PBXFileReference; fileEncoding = 4; lastKnownFileType = sourcecode.swift; path = MyBandListProvider.swift; sourceTree = "<group>"; };
		84A440F22381D89100685924 /* MyBandDetailViewController.swift */ = {isa = PBXFileReference; fileEncoding = 4; lastKnownFileType = sourcecode.swift; path = MyBandDetailViewController.swift; sourceTree = "<group>"; };
		84A440F42381DC3A00685924 /* MyBandListViewModel.swift */ = {isa = PBXFileReference; fileEncoding = 4; lastKnownFileType = sourcecode.swift; path = MyBandListViewModel.swift; sourceTree = "<group>"; };
		84A440F62381DC4C00685924 /* MyBandDetailViewModel.swift */ = {isa = PBXFileReference; fileEncoding = 4; lastKnownFileType = sourcecode.swift; path = MyBandDetailViewModel.swift; sourceTree = "<group>"; };
		84A440F823821CBF00685924 /* MyBandTableViewCell.swift */ = {isa = PBXFileReference; fileEncoding = 4; lastKnownFileType = sourcecode.swift; path = MyBandTableViewCell.swift; sourceTree = "<group>"; };
		A40B745F4CB32D1B1E6CD465 /* Pods-Jam.debug.xcconfig */ = {isa = PBXFileReference; includeInIndex = 1; lastKnownFileType = text.xcconfig; name = "Pods-Jam.debug.xcconfig"; path = "Target Support Files/Pods-Jam/Pods-Jam.debug.xcconfig"; sourceTree = "<group>"; };
		BB0AEB17236A992700B7FA29 /* BandListProvider.swift */ = {isa = PBXFileReference; lastKnownFileType = sourcecode.swift; path = BandListProvider.swift; sourceTree = "<group>"; };
		BB156A1A2362877E00BB1823 /* Review.swift */ = {isa = PBXFileReference; fileEncoding = 4; lastKnownFileType = sourcecode.swift; path = Review.swift; sourceTree = "<group>"; };
		BB156A1C2362882A00BB1823 /* User.swift */ = {isa = PBXFileReference; fileEncoding = 4; lastKnownFileType = sourcecode.swift; path = User.swift; sourceTree = "<group>"; };
		BB156A1E23629D2300BB1823 /* BandDetailViewController.swift */ = {isa = PBXFileReference; fileEncoding = 4; lastKnownFileType = sourcecode.swift; path = BandDetailViewController.swift; sourceTree = "<group>"; };
		BB19BC60235EBD1A00C1098C /* Jam.app */ = {isa = PBXFileReference; explicitFileType = wrapper.application; includeInIndex = 0; path = Jam.app; sourceTree = BUILT_PRODUCTS_DIR; };
		BB19BC63235EBD1A00C1098C /* AppDelegate.swift */ = {isa = PBXFileReference; lastKnownFileType = sourcecode.swift; path = AppDelegate.swift; sourceTree = "<group>"; };
		BB19BC65235EBD1A00C1098C /* SceneDelegate.swift */ = {isa = PBXFileReference; lastKnownFileType = sourcecode.swift; path = SceneDelegate.swift; sourceTree = "<group>"; };
		BB19BC67235EBD1A00C1098C /* BandListViewController.swift */ = {isa = PBXFileReference; lastKnownFileType = sourcecode.swift; path = BandListViewController.swift; sourceTree = "<group>"; };
		BB19BC6A235EBD1A00C1098C /* Base */ = {isa = PBXFileReference; lastKnownFileType = file.storyboard; name = Base; path = Base.lproj/Main.storyboard; sourceTree = "<group>"; };
		BB19BC6C235EBD1E00C1098C /* Assets.xcassets */ = {isa = PBXFileReference; lastKnownFileType = folder.assetcatalog; path = Assets.xcassets; sourceTree = "<group>"; };
		BB19BC6F235EBD1E00C1098C /* Base */ = {isa = PBXFileReference; lastKnownFileType = file.storyboard; name = Base; path = Base.lproj/LaunchScreen.storyboard; sourceTree = "<group>"; };
		BB19BC71235EBD1E00C1098C /* Info.plist */ = {isa = PBXFileReference; lastKnownFileType = text.plist.xml; path = Info.plist; sourceTree = "<group>"; };
		BB19BC77235EBF3200C1098C /* Genre.swift */ = {isa = PBXFileReference; lastKnownFileType = sourcecode.swift; path = Genre.swift; sourceTree = "<group>"; };
		BB19BC79235EC13B00C1098C /* Band.swift */ = {isa = PBXFileReference; lastKnownFileType = sourcecode.swift; path = Band.swift; sourceTree = "<group>"; };
		BB19BC7B235EC40200C1098C /* Musician.swift */ = {isa = PBXFileReference; lastKnownFileType = sourcecode.swift; path = Musician.swift; sourceTree = "<group>"; };
		BB7E5920236936DF005FAADF /* BandListViewModel.swift */ = {isa = PBXFileReference; fileEncoding = 4; lastKnownFileType = sourcecode.swift; path = BandListViewModel.swift; sourceTree = "<group>"; };
		BB7E59232369381D005FAADF /* ArrayExtension.swift */ = {isa = PBXFileReference; lastKnownFileType = sourcecode.swift; path = ArrayExtension.swift; sourceTree = "<group>"; };
		BB836E2D2362740600D4711D /* Skills.swift */ = {isa = PBXFileReference; fileEncoding = 4; lastKnownFileType = sourcecode.swift; path = Skills.swift; sourceTree = "<group>"; };
		BB836E2F2362771D00D4711D /* Location.swift */ = {isa = PBXFileReference; fileEncoding = 4; lastKnownFileType = sourcecode.swift; path = Location.swift; sourceTree = "<group>"; };
		BB8E079D2364B20000C0DCB6 /* FileManagerExtension.swift */ = {isa = PBXFileReference; lastKnownFileType = sourcecode.swift; path = FileManagerExtension.swift; sourceTree = "<group>"; };
		BB8E07A02364B2C500C0DCB6 /* UIImageView.swift */ = {isa = PBXFileReference; fileEncoding = 4; lastKnownFileType = sourcecode.swift; path = UIImageView.swift; sourceTree = "<group>"; };
		BBB9BC362363DA7A00DB93BD /* BandTableViewCell.swift */ = {isa = PBXFileReference; lastKnownFileType = sourcecode.swift; path = BandTableViewCell.swift; sourceTree = "<group>"; };
		F772E08201AEBF849E798B2A /* Pods-Jam.release.xcconfig */ = {isa = PBXFileReference; includeInIndex = 1; lastKnownFileType = text.xcconfig; name = "Pods-Jam.release.xcconfig"; path = "Target Support Files/Pods-Jam/Pods-Jam.release.xcconfig"; sourceTree = "<group>"; };
/* End PBXFileReference section */

/* Begin PBXFrameworksBuildPhase section */
		BB19BC5D235EBD1A00C1098C /* Frameworks */ = {
			isa = PBXFrameworksBuildPhase;
			buildActionMask = 2147483647;
			files = (
				7018D7C75CBDC52FFC15A9C1 /* Pods_Jam.framework in Frameworks */,
			);
			runOnlyForDeploymentPostprocessing = 0;
		};
/* End PBXFrameworksBuildPhase section */

/* Begin PBXGroup section */
		8448A11923AC37AA000DFC3D /* Provider */ = {
			isa = PBXGroup;
			children = (
				8448A11A23AC37E4000DFC3D /* BandDetailProvider.swift */,
			);
			path = Provider;
			sourceTree = "<group>";
		};
		844D304B23DFE298001E5FBC /* My Ads */ = {
			isa = PBXGroup;
			children = (
				844D304D23DFE381001E5FBC /* Details */,
				844D304C23DFE2F5001E5FBC /* List */,
				844D304E23DFE3A0001E5FBC /* View */,
			);
			path = "My Ads";
			sourceTree = "<group>";
		};
		844D304C23DFE2F5001E5FBC /* List */ = {
			isa = PBXGroup;
			children = (
				844D305B23DFE6BE001E5FBC /* Cell */,
				844D305423DFE5C5001E5FBC /* Provider */,
				844D305323DFE5B1001E5FBC /* ViewController */,
				844D305223DFE5A4001E5FBC /* ViewModel */,
			);
			path = List;
			sourceTree = "<group>";
		};
		844D304D23DFE381001E5FBC /* Details */ = {
			isa = PBXGroup;
			children = (
				844D304F23DFE407001E5FBC /* Provider */,
				844D305023DFE412001E5FBC /* ViewController */,
				844D305123DFE426001E5FBC /* ViewModel */,
			);
			path = Details;
			sourceTree = "<group>";
		};
		844D304E23DFE3A0001E5FBC /* View */ = {
			isa = PBXGroup;
			children = (
				844D306623DFFB1D001E5FBC /* Ads.storyboard */,
			);
			path = View;
			sourceTree = "<group>";
		};
		844D304F23DFE407001E5FBC /* Provider */ = {
			isa = PBXGroup;
			children = (
				844D305523DFE63C001E5FBC /* MyAdsDetailProvider.swift */,
			);
			path = Provider;
			sourceTree = "<group>";
		};
		844D305023DFE412001E5FBC /* ViewController */ = {
			isa = PBXGroup;
			children = (
				844D305723DFE655001E5FBC /* MyAdsDetailViewController.swift */,
			);
			path = ViewController;
			sourceTree = "<group>";
		};
		844D305123DFE426001E5FBC /* ViewModel */ = {
			isa = PBXGroup;
			children = (
				844D305923DFE67D001E5FBC /* MyAdsDetailViewModel.swift */,
			);
			path = ViewModel;
			sourceTree = "<group>";
		};
		844D305223DFE5A4001E5FBC /* ViewModel */ = {
			isa = PBXGroup;
			children = (
				844D306223DFE7F0001E5FBC /* MyAdsListViewModel.swift */,
			);
			path = ViewModel;
			sourceTree = "<group>";
		};
		844D305323DFE5B1001E5FBC /* ViewController */ = {
			isa = PBXGroup;
			children = (
				844D306023DFE7DE001E5FBC /* MyAdsListViewController.swift */,
			);
			path = ViewController;
			sourceTree = "<group>";
		};
		844D305423DFE5C5001E5FBC /* Provider */ = {
			isa = PBXGroup;
			children = (
				844D305E23DFE7B2001E5FBC /* MyAdsListProvider.swift */,
			);
			path = Provider;
			sourceTree = "<group>";
		};
		844D305B23DFE6BE001E5FBC /* Cell */ = {
			isa = PBXGroup;
			children = (
				844D305C23DFE798001E5FBC /* MyAdsTableViewCell.swift */,
			);
			path = Cell;
			sourceTree = "<group>";
		};
		844DBBFB23DBDD5F00B024BE /* Musicians */ = {
			isa = PBXGroup;
			children = (
				844DBBFE23DBDDAA00B024BE /* Details */,
				844DBBFD23DBDDA100B024BE /* List */,
				844DBBFC23DBDD9500B024BE /* View */,
			);
			path = Musicians;
			sourceTree = "<group>";
		};
		844DBBFC23DBDD9500B024BE /* View */ = {
			isa = PBXGroup;
			children = (
				844DBC1823DBE89F00B024BE /* Musicians.storyboard */,
			);
			path = View;
			sourceTree = "<group>";
		};
		844DBBFD23DBDDA100B024BE /* List */ = {
			isa = PBXGroup;
			children = (
				844DBC0223DBE1BB00B024BE /* Cell */,
				844DBC0323DBE1C200B024BE /* Provider */,
				844DBC0423DBE1CC00B024BE /* ViewController */,
				844DBC0523DBE1D400B024BE /* ViewModel */,
			);
			path = List;
			sourceTree = "<group>";
		};
		844DBBFE23DBDDAA00B024BE /* Details */ = {
			isa = PBXGroup;
			children = (
				844DBBFF23DBE15A00B024BE /* Provider */,
				844DBC0023DBE17000B024BE /* ViewController */,
				844DBC0123DBE19000B024BE /* ViewModel */,
			);
			path = Details;
			sourceTree = "<group>";
		};
		844DBBFF23DBE15A00B024BE /* Provider */ = {
			isa = PBXGroup;
			children = (
				844DBC0623DBE4EA00B024BE /* MusiciansDetailProvider.swift */,
			);
			path = Provider;
			sourceTree = "<group>";
		};
		844DBC0023DBE17000B024BE /* ViewController */ = {
			isa = PBXGroup;
			children = (
				844DBC0823DBE52000B024BE /* MusiciansDetailViewController.swift */,
			);
			path = ViewController;
			sourceTree = "<group>";
		};
		844DBC0123DBE19000B024BE /* ViewModel */ = {
			isa = PBXGroup;
			children = (
				844DBC0A23DBE53700B024BE /* MusiciansDetailViewModel.swift */,
			);
			path = ViewModel;
			sourceTree = "<group>";
		};
		844DBC0223DBE1BB00B024BE /* Cell */ = {
			isa = PBXGroup;
			children = (
				844DBC0C23DBE5B500B024BE /* MusiciansTableViewCell.swift */,
			);
			path = Cell;
			sourceTree = "<group>";
		};
		844DBC0323DBE1C200B024BE /* Provider */ = {
			isa = PBXGroup;
			children = (
				844DBC0E23DBE5D200B024BE /* MusiciansListProvider.swift */,
			);
			path = Provider;
			sourceTree = "<group>";
		};
		844DBC0423DBE1CC00B024BE /* ViewController */ = {
			isa = PBXGroup;
			children = (
				844DBC1023DBE5F400B024BE /* MusiciansListViewController.swift */,
				844DBC1223DBE60900B024BE /* MusiciansFilterViewController.swift */,
			);
			path = ViewController;
			sourceTree = "<group>";
		};
		844DBC0523DBE1D400B024BE /* ViewModel */ = {
			isa = PBXGroup;
			children = (
				844DBC1623DBE64600B024BE /* MusiciansFilterViewModel.swift */,
				844DBC1423DBE62F00B024BE /* MusiciansListViewModel.swift */,
			);
			path = ViewModel;
			sourceTree = "<group>";
		};
		844DC9BF23A1E7150020A262 /* View */ = {
			isa = PBXGroup;
			children = (
				844DC9C023A1E7A70020A262 /* SignUpView.storyboard */,
			);
			path = View;
			sourceTree = "<group>";
		};
		844DC9C323A1E7DC0020A262 /* View */ = {
			isa = PBXGroup;
			children = (
				844DC9C423A1E7FA0020A262 /* LoginView.storyboard */,
			);
			path = View;
			sourceTree = "<group>";
		};
		845871C523D4E93800A70B19 /* View */ = {
			isa = PBXGroup;
			children = (
				845871C823D4EA0A00A70B19 /* Profile.storyboard */,
			);
			path = View;
			sourceTree = "<group>";
		};
		845871CC23D5105300A70B19 /* Provider */ = {
			isa = PBXGroup;
			children = (
				845871CD23D5108300A70B19 /* ProfileProvider.swift */,
			);
			path = Provider;
			sourceTree = "<group>";
		};
		845871CF23D511FB00A70B19 /* ViewModel */ = {
			isa = PBXGroup;
			children = (
				845871D023D5123E00A70B19 /* ProfileEditViewModel.swift */,
			);
			path = ViewModel;
			sourceTree = "<group>";
		};
		845956742394499300026A89 /* Profile */ = {
			isa = PBXGroup;
			children = (
				845871CC23D5105300A70B19 /* Provider */,
				845871C523D4E93800A70B19 /* View */,
				845956752394499A00026A89 /* ViewController */,
				845871CF23D511FB00A70B19 /* ViewModel */,
			);
			path = Profile;
			sourceTree = "<group>";
		};
		845956752394499A00026A89 /* ViewController */ = {
			isa = PBXGroup;
			children = (
				84595676239449D200026A89 /* ProfileViewController.swift */,
				845871CA23D50D6800A70B19 /* ProfileEditViewController.swift */,
			);
			path = ViewController;
			sourceTree = "<group>";
		};
		8462E53E239303E400F017CF /* Cell */ = {
			isa = PBXGroup;
			children = (
				BBB9BC362363DA7A00DB93BD /* BandTableViewCell.swift */,
			);
			path = Cell;
			sourceTree = "<group>";
		};
		8462E53F239303FC00F017CF /* Cell */ = {
			isa = PBXGroup;
			children = (
				84A440F823821CBF00685924 /* MyBandTableViewCell.swift */,
			);
			path = Cell;
			sourceTree = "<group>";
		};
		8462E540239337EC00F017CF /* Login */ = {
			isa = PBXGroup;
			children = (
				844DC9C323A1E7DC0020A262 /* View */,
				846F16FE2398C4AC00CE1712 /* Provider */,
				8462E541239338F600F017CF /* ViewController */,
				846F17012398C60F00CE1712 /* ViewModel */,
			);
			path = Login;
			sourceTree = "<group>";
		};
		8462E541239338F600F017CF /* ViewController */ = {
			isa = PBXGroup;
			children = (
				8462E5422393397C00F017CF /* LoginViewController.swift */,
			);
			path = ViewController;
			sourceTree = "<group>";
		};
		846F16FE2398C4AC00CE1712 /* Provider */ = {
			isa = PBXGroup;
			children = (
				846F16FF2398C4EF00CE1712 /* LoginProvider.swift */,
			);
			path = Provider;
			sourceTree = "<group>";
		};
		846F17012398C60F00CE1712 /* ViewModel */ = {
			isa = PBXGroup;
			children = (
				846F17022398C8E800CE1712 /* LoginViewModel.swift */,
			);
			path = ViewModel;
			sourceTree = "<group>";
		};
		84756DA9238F88DE0025D426 /* Modules */ = {
			isa = PBXGroup;
			children = (
				844DBBFB23DBDD5F00B024BE /* Musicians */,
				845956742394499300026A89 /* Profile */,
				84756DAD238F89590025D426 /* Bands */,
				8462E540239337EC00F017CF /* Login */,
				84756DAA238F88E70025D426 /* My Bands */,
				844D304B23DFE298001E5FBC /* My Ads */,
				84892E7C23939523000CBCE8 /* Sign Up */,
			);
			path = Modules;
			sourceTree = "<group>";
		};
		84756DAA238F88E70025D426 /* My Bands */ = {
			isa = PBXGroup;
			children = (
				8495FCEB239226230099B635 /* View */,
				84756DAC238F89060025D426 /* Details */,
				84756DAB238F88FF0025D426 /* List */,
			);
			path = "My Bands";
			sourceTree = "<group>";
		};
		84756DAB238F88FF0025D426 /* List */ = {
			isa = PBXGroup;
			children = (
				8462E53F239303FC00F017CF /* Cell */,
				8495FCEE2392269E0099B635 /* Provider */,
				8495FCEC239226850099B635 /* ViewController */,
				8495FCED239226920099B635 /* ViewModel */,
			);
			path = List;
			sourceTree = "<group>";
		};
		84756DAC238F89060025D426 /* Details */ = {
			isa = PBXGroup;
			children = (
				8495FCEF239226BB0099B635 /* Provider */,
				8495FCF1239226D30099B635 /* ViewController */,
				8495FCF0239226C60099B635 /* ViewModel */,
			);
			path = Details;
			sourceTree = "<group>";
		};
		84756DAD238F89590025D426 /* Bands */ = {
			isa = PBXGroup;
			children = (
				8495FCEA239225F80099B635 /* View */,
				84756DAF238F89710025D426 /* Details */,
				84756DAE238F89690025D426 /* List */,
			);
			path = Bands;
			sourceTree = "<group>";
		};
		84756DAE238F89690025D426 /* List */ = {
			isa = PBXGroup;
			children = (
				8462E53E239303E400F017CF /* Cell */,
				8495FCF2239226EB0099B635 /* Provider */,
				8495FCF4239226FA0099B635 /* ViewController */,
				8495FCF3239226F30099B635 /* ViewModel */,
			);
			path = List;
			sourceTree = "<group>";
		};
		84756DAF238F89710025D426 /* Details */ = {
			isa = PBXGroup;
			children = (
				8448A11923AC37AA000DFC3D /* Provider */,
				8495FCF6239227250099B635 /* ViewController */,
				8495FCF5239227130099B635 /* ViewModel */,
			);
			path = Details;
			sourceTree = "<group>";
		};
		84892E7C23939523000CBCE8 /* Sign Up */ = {
			isa = PBXGroup;
			children = (
				844DC9BF23A1E7150020A262 /* View */,
				848DA661239C84B000996D04 /* Provider */,
				84892E7D2393955E000CBCE8 /* ViewController */,
				848DA662239C84C600996D04 /* ViewModel */,
			);
			path = "Sign Up";
			sourceTree = "<group>";
		};
		84892E7D2393955E000CBCE8 /* ViewController */ = {
			isa = PBXGroup;
			children = (
				84892E7E23939591000CBCE8 /* SignUpViewController.swift */,
			);
			path = ViewController;
			sourceTree = "<group>";
		};
		848DA661239C84B000996D04 /* Provider */ = {
			isa = PBXGroup;
			children = (
				848DA665239C85EA00996D04 /* SignUpProvider.swift */,
			);
			path = Provider;
			sourceTree = "<group>";
		};
		848DA662239C84C600996D04 /* ViewModel */ = {
			isa = PBXGroup;
			children = (
				848DA667239C8E4B00996D04 /* SignUpViewModel.swift */,
			);
			path = ViewModel;
			sourceTree = "<group>";
		};
		8495FCEA239225F80099B635 /* View */ = {
			isa = PBXGroup;
			children = (
				8495FCFA239234E90099B635 /* Bands.storyboard */,
			);
			path = View;
			sourceTree = "<group>";
		};
		8495FCEB239226230099B635 /* View */ = {
			isa = PBXGroup;
			children = (
				8495FCF7239234D00099B635 /* MyBands.storyboard */,
			);
			path = View;
			sourceTree = "<group>";
		};
		8495FCEC239226850099B635 /* ViewController */ = {
			isa = PBXGroup;
			children = (
				84A440EE2381C75100685924 /* MyBandListViewController.swift */,
			);
			path = ViewController;
			sourceTree = "<group>";
		};
		8495FCED239226920099B635 /* ViewModel */ = {
			isa = PBXGroup;
			children = (
				84A440F42381DC3A00685924 /* MyBandListViewModel.swift */,
			);
			path = ViewModel;
			sourceTree = "<group>";
		};
		8495FCEE2392269E0099B635 /* Provider */ = {
			isa = PBXGroup;
			children = (
				84A440F02381C79700685924 /* MyBandListProvider.swift */,
			);
			path = Provider;
			sourceTree = "<group>";
		};
		8495FCEF239226BB0099B635 /* Provider */ = {
			isa = PBXGroup;
			children = (
				848AE7EA2384BBF50089F515 /* MyBandDetailProvider.swift */,
			);
			path = Provider;
			sourceTree = "<group>";
		};
		8495FCF0239226C60099B635 /* ViewModel */ = {
			isa = PBXGroup;
			children = (
				84A440F62381DC4C00685924 /* MyBandDetailViewModel.swift */,
			);
			path = ViewModel;
			sourceTree = "<group>";
		};
		8495FCF1239226D30099B635 /* ViewController */ = {
			isa = PBXGroup;
			children = (
				8478A95D23AEF81D0046B60C /* LocationMapViewController.swift */,
				84A440F22381D89100685924 /* MyBandDetailViewController.swift */,
			);
			path = ViewController;
			sourceTree = "<group>";
		};
		8495FCF2239226EB0099B635 /* Provider */ = {
			isa = PBXGroup;
			children = (
				BB0AEB17236A992700B7FA29 /* BandListProvider.swift */,
			);
			path = Provider;
			sourceTree = "<group>";
		};
		8495FCF3239226F30099B635 /* ViewModel */ = {
			isa = PBXGroup;
			children = (
				BB7E5920236936DF005FAADF /* BandListViewModel.swift */,
				8458446523CFB31100F399DB /* BandFilterViewModel.swift */,
			);
			path = ViewModel;
			sourceTree = "<group>";
		};
		8495FCF4239226FA0099B635 /* ViewController */ = {
			isa = PBXGroup;
			children = (
				8458446723CFB73A00F399DB /* BandFilterViewController.swift */,
				BB19BC67235EBD1A00C1098C /* BandListViewController.swift */,
			);
			path = ViewController;
			sourceTree = "<group>";
		};
		8495FCF5239227130099B635 /* ViewModel */ = {
			isa = PBXGroup;
			children = (
				84457352236D22EC005486DD /* BandDetailViewModel.swift */,
			);
			path = ViewModel;
			sourceTree = "<group>";
		};
		8495FCF6239227250099B635 /* ViewController */ = {
			isa = PBXGroup;
			children = (
				BB156A1E23629D2300BB1823 /* BandDetailViewController.swift */,
			);
			path = ViewController;
			sourceTree = "<group>";
		};
		95295A8DE999DAA4F896C533 /* Pods */ = {
			isa = PBXGroup;
			children = (
				6B249B78380B0E2EDE210C5D /* Pods-Project.debug.xcconfig */,
				40ECC85689383E7E64D440B5 /* Pods-Project.release.xcconfig */,
				A40B745F4CB32D1B1E6CD465 /* Pods-Jam.debug.xcconfig */,
				F772E08201AEBF849E798B2A /* Pods-Jam.release.xcconfig */,
			);
			path = Pods;
			sourceTree = "<group>";
		};
		BB02CCDF23615D75000D53FF /* DataModel */ = {
			isa = PBXGroup;
			children = (
				BB19BC77235EBF3200C1098C /* Genre.swift */,
				BB836E2D2362740600D4711D /* Skills.swift */,
				BB19BC79235EC13B00C1098C /* Band.swift */,
				BB156A1C2362882A00BB1823 /* User.swift */,
				BB156A1A2362877E00BB1823 /* Review.swift */,
				BB836E2F2362771D00D4711D /* Location.swift */,
				BB19BC7B235EC40200C1098C /* Musician.swift */,
				844D306423DFE977001E5FBC /* Advertising.swift */,
			);
			path = DataModel;
			sourceTree = "<group>";
		};
		BB02CCE023616113000D53FF /* View */ = {
			isa = PBXGroup;
			children = (
				BB19BC69235EBD1A00C1098C /* Main.storyboard */,
				BB19BC6E235EBD1E00C1098C /* LaunchScreen.storyboard */,
			);
			path = View;
			sourceTree = "<group>";
		};
		BB02CCE12361627D000D53FF /* Helpers */ = {
			isa = PBXGroup;
			children = (
				845EB4022383608A003A7F6A /* ImagePicker.swift */,
			);
			path = Helpers;
			sourceTree = "<group>";
		};
		BB02CCE223616295000D53FF /* Core */ = {
			isa = PBXGroup;
			children = (
				8459566E2394471D00026A89 /* Constants.swift */,
				BB19BC63235EBD1A00C1098C /* AppDelegate.swift */,
				BB19BC65235EBD1A00C1098C /* SceneDelegate.swift */,
			);
			path = Core;
			sourceTree = "<group>";
		};
		BB19BC57235EBD1A00C1098C = {
			isa = PBXGroup;
			children = (
				84589F9B2394D83300557446 /* Jam.entitlements */,
				BB19BC62235EBD1A00C1098C /* Project */,
				BB19BC61235EBD1A00C1098C /* Products */,
				95295A8DE999DAA4F896C533 /* Pods */,
				DB9B8DAC1D6754C1085F3A43 /* Frameworks */,
			);
			sourceTree = "<group>";
		};
		BB19BC61235EBD1A00C1098C /* Products */ = {
			isa = PBXGroup;
			children = (
				BB19BC60235EBD1A00C1098C /* Jam.app */,
			);
			name = Products;
			sourceTree = "<group>";
		};
		BB19BC62235EBD1A00C1098C /* Project */ = {
			isa = PBXGroup;
			children = (
				BB02CCE223616295000D53FF /* Core */,
				BB02CCDF23615D75000D53FF /* DataModel */,
				BB8E079F2364B20A00C0DCB6 /* Extensions */,
				BB02CCE12361627D000D53FF /* Helpers */,
				84756DA9238F88DE0025D426 /* Modules */,
				BB02CCE023616113000D53FF /* View */,
				BB19BC6C235EBD1E00C1098C /* Assets.xcassets */,
				BB19BC71235EBD1E00C1098C /* Info.plist */,
				844E861C239D7E8E005D879B /* GoogleService-Info.plist */,
			);
			path = Project;
			sourceTree = "<group>";
		};
		BB8E079F2364B20A00C0DCB6 /* Extensions */ = {
			isa = PBXGroup;
			children = (
				BB7E59232369381D005FAADF /* ArrayExtension.swift */,
				BB8E079D2364B20000C0DCB6 /* FileManagerExtension.swift */,
				BB8E07A02364B2C500C0DCB6 /* UIImageView.swift */,
				844F6BCA23C6E8D300E4F1DA /* UIImageExtension.swift */,
				845BFAA3238BB53600D7DD0E /* UIColor.swift */,
			);
			path = Extensions;
			sourceTree = "<group>";
		};
		DB9B8DAC1D6754C1085F3A43 /* Frameworks */ = {
			isa = PBXGroup;
			children = (
				80FBF20DD3AA248581FB586D /* Pods_Jam.framework */,
			);
			name = Frameworks;
			sourceTree = "<group>";
		};
/* End PBXGroup section */

/* Begin PBXNativeTarget section */
		BB19BC5F235EBD1A00C1098C /* Jam */ = {
			isa = PBXNativeTarget;
			buildConfigurationList = BB19BC74235EBD1E00C1098C /* Build configuration list for PBXNativeTarget "Jam" */;
			buildPhases = (
				9E4DB7E2CD2982FECAC26C9E /* [CP] Check Pods Manifest.lock */,
				BB19BC5C235EBD1A00C1098C /* Sources */,
				BB19BC5D235EBD1A00C1098C /* Frameworks */,
				BB19BC5E235EBD1A00C1098C /* Resources */,
				E9DCC27F15F9354CBDD955C6 /* [CP] Embed Pods Frameworks */,
				8DDA0B246638655E16C20AB4 /* [CP] Copy Pods Resources */,
			);
			buildRules = (
			);
			dependencies = (
			);
			name = Jam;
			productName = Project;
			productReference = BB19BC60235EBD1A00C1098C /* Jam.app */;
			productType = "com.apple.product-type.application";
		};
/* End PBXNativeTarget section */

/* Begin PBXProject section */
		BB19BC58235EBD1A00C1098C /* Project object */ = {
			isa = PBXProject;
			attributes = {
				LastSwiftUpdateCheck = 1110;
				LastUpgradeCheck = 1110;
				ORGANIZATIONNAME = "Henrique Orlandin";
				TargetAttributes = {
					BB19BC5F235EBD1A00C1098C = {
						CreatedOnToolsVersion = 11.1;
					};
				};
			};
			buildConfigurationList = BB19BC5B235EBD1A00C1098C /* Build configuration list for PBXProject "Jam" */;
			compatibilityVersion = "Xcode 9.3";
			developmentRegion = en;
			hasScannedForEncodings = 0;
			knownRegions = (
				en,
				Base,
			);
			mainGroup = BB19BC57235EBD1A00C1098C;
			productRefGroup = BB19BC61235EBD1A00C1098C /* Products */;
			projectDirPath = "";
			projectRoot = "";
			targets = (
				BB19BC5F235EBD1A00C1098C /* Jam */,
			);
		};
/* End PBXProject section */

/* Begin PBXResourcesBuildPhase section */
		BB19BC5E235EBD1A00C1098C /* Resources */ = {
			isa = PBXResourcesBuildPhase;
			buildActionMask = 2147483647;
			files = (
				BB19BC70235EBD1E00C1098C /* LaunchScreen.storyboard in Resources */,
				BB19BC6D235EBD1E00C1098C /* Assets.xcassets in Resources */,
				8495FCFB239234E90099B635 /* Bands.storyboard in Resources */,
				BB19BC6B235EBD1A00C1098C /* Main.storyboard in Resources */,
				844D306723DFFB1D001E5FBC /* Ads.storyboard in Resources */,
				8495FCF9239234D00099B635 /* MyBands.storyboard in Resources */,
				844E861D239D7E8E005D879B /* GoogleService-Info.plist in Resources */,
				845871C923D4EA0A00A70B19 /* Profile.storyboard in Resources */,
				844DBC1A23DBE89F00B024BE /* Musicians.storyboard in Resources */,
				844DC9C223A1E7A70020A262 /* SignUpView.storyboard in Resources */,
				844DC9C623A1E7FA0020A262 /* LoginView.storyboard in Resources */,
			);
			runOnlyForDeploymentPostprocessing = 0;
		};
/* End PBXResourcesBuildPhase section */

/* Begin PBXShellScriptBuildPhase section */
		8DDA0B246638655E16C20AB4 /* [CP] Copy Pods Resources */ = {
			isa = PBXShellScriptBuildPhase;
			buildActionMask = 2147483647;
			files = (
			);
			inputFileListPaths = (
				"${PODS_ROOT}/Target Support Files/Pods-Jam/Pods-Jam-resources-${CONFIGURATION}-input-files.xcfilelist",
			);
			name = "[CP] Copy Pods Resources";
			outputFileListPaths = (
				"${PODS_ROOT}/Target Support Files/Pods-Jam/Pods-Jam-resources-${CONFIGURATION}-output-files.xcfilelist",
			);
			runOnlyForDeploymentPostprocessing = 0;
			shellPath = /bin/sh;
			shellScript = "\"${PODS_ROOT}/Target Support Files/Pods-Jam/Pods-Jam-resources.sh\"\n";
			showEnvVarsInLog = 0;
		};
		9E4DB7E2CD2982FECAC26C9E /* [CP] Check Pods Manifest.lock */ = {
			isa = PBXShellScriptBuildPhase;
			buildActionMask = 2147483647;
			files = (
			);
			inputFileListPaths = (
			);
			inputPaths = (
				"${PODS_PODFILE_DIR_PATH}/Podfile.lock",
				"${PODS_ROOT}/Manifest.lock",
			);
			name = "[CP] Check Pods Manifest.lock";
			outputFileListPaths = (
			);
			outputPaths = (
				"$(DERIVED_FILE_DIR)/Pods-Jam-checkManifestLockResult.txt",
			);
			runOnlyForDeploymentPostprocessing = 0;
			shellPath = /bin/sh;
			shellScript = "diff \"${PODS_PODFILE_DIR_PATH}/Podfile.lock\" \"${PODS_ROOT}/Manifest.lock\" > /dev/null\nif [ $? != 0 ] ; then\n    # print error to STDERR\n    echo \"error: The sandbox is not in sync with the Podfile.lock. Run 'pod install' or update your CocoaPods installation.\" >&2\n    exit 1\nfi\n# This output is used by Xcode 'outputs' to avoid re-running this script phase.\necho \"SUCCESS\" > \"${SCRIPT_OUTPUT_FILE_0}\"\n";
			showEnvVarsInLog = 0;
		};
		E9DCC27F15F9354CBDD955C6 /* [CP] Embed Pods Frameworks */ = {
			isa = PBXShellScriptBuildPhase;
			buildActionMask = 2147483647;
			files = (
			);
			inputFileListPaths = (
				"${PODS_ROOT}/Target Support Files/Pods-Jam/Pods-Jam-frameworks-${CONFIGURATION}-input-files.xcfilelist",
			);
			name = "[CP] Embed Pods Frameworks";
			outputFileListPaths = (
				"${PODS_ROOT}/Target Support Files/Pods-Jam/Pods-Jam-frameworks-${CONFIGURATION}-output-files.xcfilelist",
			);
			runOnlyForDeploymentPostprocessing = 0;
			shellPath = /bin/sh;
			shellScript = "\"${PODS_ROOT}/Target Support Files/Pods-Jam/Pods-Jam-frameworks.sh\"\n";
			showEnvVarsInLog = 0;
		};
/* End PBXShellScriptBuildPhase section */

/* Begin PBXSourcesBuildPhase section */
		BB19BC5C235EBD1A00C1098C /* Sources */ = {
			isa = PBXSourcesBuildPhase;
			buildActionMask = 2147483647;
			files = (
				8462E5432393397C00F017CF /* LoginViewController.swift in Sources */,
				BB836E302362771D00D4711D /* Location.swift in Sources */,
				845871CE23D5108300A70B19 /* ProfileProvider.swift in Sources */,
				846F17032398C8E800CE1712 /* LoginViewModel.swift in Sources */,
				8458446823CFB73A00F399DB /* BandFilterViewController.swift in Sources */,
				BB8E07A12364B2C500C0DCB6 /* UIImageView.swift in Sources */,
				848AE7EB2384BBF50089F515 /* MyBandDetailProvider.swift in Sources */,
				844D306323DFE7F0001E5FBC /* MyAdsListViewModel.swift in Sources */,
				844DBC1723DBE64600B024BE /* MusiciansFilterViewModel.swift in Sources */,
				BB19BC68235EBD1A00C1098C /* BandListViewController.swift in Sources */,
				8459566F2394471D00026A89 /* Constants.swift in Sources */,
				84A440F32381D89100685924 /* MyBandDetailViewController.swift in Sources */,
				BB836E2E2362740600D4711D /* Skills.swift in Sources */,
				844DBC0923DBE52000B024BE /* MusiciansDetailViewController.swift in Sources */,
				844DBC0B23DBE53700B024BE /* MusiciansDetailViewModel.swift in Sources */,
				845871CB23D50D6800A70B19 /* ProfileEditViewController.swift in Sources */,
				BB8E079E2364B20000C0DCB6 /* FileManagerExtension.swift in Sources */,
				8458446623CFB31100F399DB /* BandFilterViewModel.swift in Sources */,
				844DBC0723DBE4EA00B024BE /* MusiciansDetailProvider.swift in Sources */,
				84A440F12381C79700685924 /* MyBandListProvider.swift in Sources */,
				BBB9BC372363DA7A00DB93BD /* BandTableViewCell.swift in Sources */,
				844D305823DFE655001E5FBC /* MyAdsDetailViewController.swift in Sources */,
				BB156A1F23629D2300BB1823 /* BandDetailViewController.swift in Sources */,
				84595677239449D200026A89 /* ProfileViewController.swift in Sources */,
				844D306523DFE977001E5FBC /* Advertising.swift in Sources */,
				8478A95E23AEF81D0046B60C /* LocationMapViewController.swift in Sources */,
				BB19BC64235EBD1A00C1098C /* AppDelegate.swift in Sources */,
				84A440F923821CBF00685924 /* MyBandTableViewCell.swift in Sources */,
				BB0AEB18236A992700B7FA29 /* BandListProvider.swift in Sources */,
				844D306123DFE7DE001E5FBC /* MyAdsListViewController.swift in Sources */,
				84A440F52381DC3A00685924 /* MyBandListViewModel.swift in Sources */,
				844DBC1523DBE62F00B024BE /* MusiciansListViewModel.swift in Sources */,
				BB19BC7C235EC40200C1098C /* Musician.swift in Sources */,
				846F17002398C4EF00CE1712 /* LoginProvider.swift in Sources */,
				84892E7F23939591000CBCE8 /* SignUpViewController.swift in Sources */,
				844D305A23DFE67D001E5FBC /* MyAdsDetailViewModel.swift in Sources */,
				84A440EF2381C75100685924 /* MyBandListViewController.swift in Sources */,
				8448A11B23AC37E4000DFC3D /* BandDetailProvider.swift in Sources */,
				845871D123D5123E00A70B19 /* ProfileEditViewModel.swift in Sources */,
				844DBC1123DBE5F400B024BE /* MusiciansListViewController.swift in Sources */,
				BB7E5921236936DF005FAADF /* BandListViewModel.swift in Sources */,
				844DBC0D23DBE5B500B024BE /* MusiciansTableViewCell.swift in Sources */,
				844D305F23DFE7B2001E5FBC /* MyAdsListProvider.swift in Sources */,
				BB156A1B2362877E00BB1823 /* Review.swift in Sources */,
				BB7E59242369381D005FAADF /* ArrayExtension.swift in Sources */,
				BB19BC7A235EC13B00C1098C /* Band.swift in Sources */,
				BB19BC66235EBD1A00C1098C /* SceneDelegate.swift in Sources */,
				848DA668239C8E4B00996D04 /* SignUpViewModel.swift in Sources */,
				BB19BC78235EBF3200C1098C /* Genre.swift in Sources */,
				845BFAA4238BB53600D7DD0E /* UIColor.swift in Sources */,
				844DBC0F23DBE5D200B024BE /* MusiciansListProvider.swift in Sources */,
				844D305623DFE63C001E5FBC /* MyAdsDetailProvider.swift in Sources */,
				844DBC1323DBE60900B024BE /* MusiciansFilterViewController.swift in Sources */,
				845EB4032383608A003A7F6A /* ImagePicker.swift in Sources */,
				84457353236D22EC005486DD /* BandDetailViewModel.swift in Sources */,
				844F6BCB23C6E8D300E4F1DA /* UIImageExtension.swift in Sources */,
				844D305D23DFE798001E5FBC /* MyAdsTableViewCell.swift in Sources */,
				BB156A1D2362882A00BB1823 /* User.swift in Sources */,
				848DA666239C85EA00996D04 /* SignUpProvider.swift in Sources */,
				84A440F72381DC4C00685924 /* MyBandDetailViewModel.swift in Sources */,
			);
			runOnlyForDeploymentPostprocessing = 0;
		};
/* End PBXSourcesBuildPhase section */

/* Begin PBXVariantGroup section */
		844DBC1823DBE89F00B024BE /* Musicians.storyboard */ = {
			isa = PBXVariantGroup;
			children = (
				844DBC1923DBE89F00B024BE /* Base */,
			);
			name = Musicians.storyboard;
			sourceTree = "<group>";
		};
		844DC9C023A1E7A70020A262 /* SignUpView.storyboard */ = {
			isa = PBXVariantGroup;
			children = (
				844DC9C123A1E7A70020A262 /* Base */,
			);
			name = SignUpView.storyboard;
			sourceTree = "<group>";
		};
		844DC9C423A1E7FA0020A262 /* LoginView.storyboard */ = {
			isa = PBXVariantGroup;
			children = (
				844DC9C523A1E7FA0020A262 /* Base */,
			);
			name = LoginView.storyboard;
			sourceTree = "<group>";
		};
		8495FCF7239234D00099B635 /* MyBands.storyboard */ = {
			isa = PBXVariantGroup;
			children = (
				8495FCF8239234D00099B635 /* Base */,
			);
			name = MyBands.storyboard;
			sourceTree = "<group>";
		};
		BB19BC69235EBD1A00C1098C /* Main.storyboard */ = {
			isa = PBXVariantGroup;
			children = (
				BB19BC6A235EBD1A00C1098C /* Base */,
			);
			name = Main.storyboard;
			sourceTree = "<group>";
		};
		BB19BC6E235EBD1E00C1098C /* LaunchScreen.storyboard */ = {
			isa = PBXVariantGroup;
			children = (
				BB19BC6F235EBD1E00C1098C /* Base */,
			);
			name = LaunchScreen.storyboard;
			sourceTree = "<group>";
		};
/* End PBXVariantGroup section */

/* Begin XCBuildConfiguration section */
		BB19BC72235EBD1E00C1098C /* Debug */ = {
			isa = XCBuildConfiguration;
			buildSettings = {
				ALWAYS_SEARCH_USER_PATHS = NO;
				CLANG_ANALYZER_NONNULL = YES;
				CLANG_ANALYZER_NUMBER_OBJECT_CONVERSION = YES_AGGRESSIVE;
				CLANG_CXX_LANGUAGE_STANDARD = "gnu++14";
				CLANG_CXX_LIBRARY = "libc++";
				CLANG_ENABLE_MODULES = YES;
				CLANG_ENABLE_OBJC_ARC = YES;
				CLANG_ENABLE_OBJC_WEAK = YES;
				CLANG_WARN_BLOCK_CAPTURE_AUTORELEASING = YES;
				CLANG_WARN_BOOL_CONVERSION = YES;
				CLANG_WARN_COMMA = YES;
				CLANG_WARN_CONSTANT_CONVERSION = YES;
				CLANG_WARN_DEPRECATED_OBJC_IMPLEMENTATIONS = YES;
				CLANG_WARN_DIRECT_OBJC_ISA_USAGE = YES_ERROR;
				CLANG_WARN_DOCUMENTATION_COMMENTS = YES;
				CLANG_WARN_EMPTY_BODY = YES;
				CLANG_WARN_ENUM_CONVERSION = YES;
				CLANG_WARN_INFINITE_RECURSION = YES;
				CLANG_WARN_INT_CONVERSION = YES;
				CLANG_WARN_NON_LITERAL_NULL_CONVERSION = YES;
				CLANG_WARN_OBJC_IMPLICIT_RETAIN_SELF = YES;
				CLANG_WARN_OBJC_LITERAL_CONVERSION = YES;
				CLANG_WARN_OBJC_ROOT_CLASS = YES_ERROR;
				CLANG_WARN_RANGE_LOOP_ANALYSIS = YES;
				CLANG_WARN_STRICT_PROTOTYPES = YES;
				CLANG_WARN_SUSPICIOUS_MOVE = YES;
				CLANG_WARN_UNGUARDED_AVAILABILITY = YES_AGGRESSIVE;
				CLANG_WARN_UNREACHABLE_CODE = YES;
				CLANG_WARN__DUPLICATE_METHOD_MATCH = YES;
				COPY_PHASE_STRIP = NO;
				DEBUG_INFORMATION_FORMAT = dwarf;
				ENABLE_STRICT_OBJC_MSGSEND = YES;
				ENABLE_TESTABILITY = YES;
				GCC_C_LANGUAGE_STANDARD = gnu11;
				GCC_DYNAMIC_NO_PIC = NO;
				GCC_NO_COMMON_BLOCKS = YES;
				GCC_OPTIMIZATION_LEVEL = 0;
				GCC_PREPROCESSOR_DEFINITIONS = (
					"DEBUG=1",
					"$(inherited)",
				);
				GCC_WARN_64_TO_32_BIT_CONVERSION = YES;
				GCC_WARN_ABOUT_RETURN_TYPE = YES_ERROR;
				GCC_WARN_UNDECLARED_SELECTOR = YES;
				GCC_WARN_UNINITIALIZED_AUTOS = YES_AGGRESSIVE;
				GCC_WARN_UNUSED_FUNCTION = YES;
				GCC_WARN_UNUSED_VARIABLE = YES;
				IPHONEOS_DEPLOYMENT_TARGET = 13.1;
				MTL_ENABLE_DEBUG_INFO = INCLUDE_SOURCE;
				MTL_FAST_MATH = YES;
				ONLY_ACTIVE_ARCH = YES;
				SDKROOT = iphoneos;
				SWIFT_ACTIVE_COMPILATION_CONDITIONS = DEBUG;
				SWIFT_OPTIMIZATION_LEVEL = "-Onone";
			};
			name = Debug;
		};
		BB19BC73235EBD1E00C1098C /* Release */ = {
			isa = XCBuildConfiguration;
			buildSettings = {
				ALWAYS_SEARCH_USER_PATHS = NO;
				CLANG_ANALYZER_NONNULL = YES;
				CLANG_ANALYZER_NUMBER_OBJECT_CONVERSION = YES_AGGRESSIVE;
				CLANG_CXX_LANGUAGE_STANDARD = "gnu++14";
				CLANG_CXX_LIBRARY = "libc++";
				CLANG_ENABLE_MODULES = YES;
				CLANG_ENABLE_OBJC_ARC = YES;
				CLANG_ENABLE_OBJC_WEAK = YES;
				CLANG_WARN_BLOCK_CAPTURE_AUTORELEASING = YES;
				CLANG_WARN_BOOL_CONVERSION = YES;
				CLANG_WARN_COMMA = YES;
				CLANG_WARN_CONSTANT_CONVERSION = YES;
				CLANG_WARN_DEPRECATED_OBJC_IMPLEMENTATIONS = YES;
				CLANG_WARN_DIRECT_OBJC_ISA_USAGE = YES_ERROR;
				CLANG_WARN_DOCUMENTATION_COMMENTS = YES;
				CLANG_WARN_EMPTY_BODY = YES;
				CLANG_WARN_ENUM_CONVERSION = YES;
				CLANG_WARN_INFINITE_RECURSION = YES;
				CLANG_WARN_INT_CONVERSION = YES;
				CLANG_WARN_NON_LITERAL_NULL_CONVERSION = YES;
				CLANG_WARN_OBJC_IMPLICIT_RETAIN_SELF = YES;
				CLANG_WARN_OBJC_LITERAL_CONVERSION = YES;
				CLANG_WARN_OBJC_ROOT_CLASS = YES_ERROR;
				CLANG_WARN_RANGE_LOOP_ANALYSIS = YES;
				CLANG_WARN_STRICT_PROTOTYPES = YES;
				CLANG_WARN_SUSPICIOUS_MOVE = YES;
				CLANG_WARN_UNGUARDED_AVAILABILITY = YES_AGGRESSIVE;
				CLANG_WARN_UNREACHABLE_CODE = YES;
				CLANG_WARN__DUPLICATE_METHOD_MATCH = YES;
				COPY_PHASE_STRIP = NO;
				DEBUG_INFORMATION_FORMAT = "dwarf-with-dsym";
				ENABLE_NS_ASSERTIONS = NO;
				ENABLE_STRICT_OBJC_MSGSEND = YES;
				GCC_C_LANGUAGE_STANDARD = gnu11;
				GCC_NO_COMMON_BLOCKS = YES;
				GCC_WARN_64_TO_32_BIT_CONVERSION = YES;
				GCC_WARN_ABOUT_RETURN_TYPE = YES_ERROR;
				GCC_WARN_UNDECLARED_SELECTOR = YES;
				GCC_WARN_UNINITIALIZED_AUTOS = YES_AGGRESSIVE;
				GCC_WARN_UNUSED_FUNCTION = YES;
				GCC_WARN_UNUSED_VARIABLE = YES;
				IPHONEOS_DEPLOYMENT_TARGET = 13.1;
				MTL_ENABLE_DEBUG_INFO = NO;
				MTL_FAST_MATH = YES;
				SDKROOT = iphoneos;
				SWIFT_COMPILATION_MODE = wholemodule;
				SWIFT_OPTIMIZATION_LEVEL = "-O";
				VALIDATE_PRODUCT = YES;
			};
			name = Release;
		};
		BB19BC75235EBD1E00C1098C /* Debug */ = {
			isa = XCBuildConfiguration;
			baseConfigurationReference = A40B745F4CB32D1B1E6CD465 /* Pods-Jam.debug.xcconfig */;
			buildSettings = {
				ASSETCATALOG_COMPILER_APPICON_NAME = AppIcon;
				CODE_SIGN_ENTITLEMENTS = Jam.entitlements;
				CODE_SIGN_STYLE = Automatic;
				DEVELOPMENT_TEAM = 58BN93L43H;
				INFOPLIST_FILE = Project/Info.plist;
				LD_RUNPATH_SEARCH_PATHS = (
					"$(inherited)",
					"@executable_path/Frameworks",
				);
				PRODUCT_BUNDLE_IDENTIFIER = com.jam.project;
				PRODUCT_NAME = Jam;
				SWIFT_VERSION = 5.0;
				TARGETED_DEVICE_FAMILY = "1,2";
			};
			name = Debug;
		};
		BB19BC76235EBD1E00C1098C /* Release */ = {
			isa = XCBuildConfiguration;
			baseConfigurationReference = F772E08201AEBF849E798B2A /* Pods-Jam.release.xcconfig */;
			buildSettings = {
				ASSETCATALOG_COMPILER_APPICON_NAME = AppIcon;
				CODE_SIGN_ENTITLEMENTS = Jam.entitlements;
				CODE_SIGN_STYLE = Automatic;
				DEVELOPMENT_TEAM = 58BN93L43H;
				INFOPLIST_FILE = Project/Info.plist;
				LD_RUNPATH_SEARCH_PATHS = (
					"$(inherited)",
					"@executable_path/Frameworks",
				);
				PRODUCT_BUNDLE_IDENTIFIER = com.jam.project;
				PRODUCT_NAME = Jam;
				SWIFT_VERSION = 5.0;
				TARGETED_DEVICE_FAMILY = "1,2";
			};
			name = Release;
		};
/* End XCBuildConfiguration section */

/* Begin XCConfigurationList section */
		BB19BC5B235EBD1A00C1098C /* Build configuration list for PBXProject "Jam" */ = {
			isa = XCConfigurationList;
			buildConfigurations = (
				BB19BC72235EBD1E00C1098C /* Debug */,
				BB19BC73235EBD1E00C1098C /* Release */,
			);
			defaultConfigurationIsVisible = 0;
			defaultConfigurationName = Release;
		};
		BB19BC74235EBD1E00C1098C /* Build configuration list for PBXNativeTarget "Jam" */ = {
			isa = XCConfigurationList;
			buildConfigurations = (
				BB19BC75235EBD1E00C1098C /* Debug */,
				BB19BC76235EBD1E00C1098C /* Release */,
			);
			defaultConfigurationIsVisible = 0;
			defaultConfigurationName = Release;
		};
/* End XCConfigurationList section */
	};
	rootObject = BB19BC58235EBD1A00C1098C /* Project object */;
}
