// !$*UTF8*$!
{
	archiveVersion = 1;
	classes = {
	};
	objectVersion = 50;
	objects = {

/* Begin PBXBuildFile section */
		84457353236D22EC005486DD /* BandDetailViewModel.swift in Sources */ = {isa = PBXBuildFile; fileRef = 84457352236D22EC005486DD /* BandDetailViewModel.swift */; };
		BB0AEB18236A992700B7FA29 /* BandListProvider.swift in Sources */ = {isa = PBXBuildFile; fileRef = BB0AEB17236A992700B7FA29 /* BandListProvider.swift */; };
		BB156A1B2362877E00BB1823 /* Review.swift in Sources */ = {isa = PBXBuildFile; fileRef = BB156A1A2362877E00BB1823 /* Review.swift */; };
		BB156A1D2362882A00BB1823 /* User.swift in Sources */ = {isa = PBXBuildFile; fileRef = BB156A1C2362882A00BB1823 /* User.swift */; };
		BB156A1F23629D2300BB1823 /* BandViewController.swift in Sources */ = {isa = PBXBuildFile; fileRef = BB156A1E23629D2300BB1823 /* BandViewController.swift */; };
		BB19BC64235EBD1A00C1098C /* AppDelegate.swift in Sources */ = {isa = PBXBuildFile; fileRef = BB19BC63235EBD1A00C1098C /* AppDelegate.swift */; };
		BB19BC66235EBD1A00C1098C /* SceneDelegate.swift in Sources */ = {isa = PBXBuildFile; fileRef = BB19BC65235EBD1A00C1098C /* SceneDelegate.swift */; };
		BB19BC68235EBD1A00C1098C /* BandListViewController.swift in Sources */ = {isa = PBXBuildFile; fileRef = BB19BC67235EBD1A00C1098C /* BandListViewController.swift */; };
		BB19BC6B235EBD1A00C1098C /* Main.storyboard in Resources */ = {isa = PBXBuildFile; fileRef = BB19BC69235EBD1A00C1098C /* Main.storyboard */; };
		BB19BC6D235EBD1E00C1098C /* Assets.xcassets in Resources */ = {isa = PBXBuildFile; fileRef = BB19BC6C235EBD1E00C1098C /* Assets.xcassets */; };
		BB19BC70235EBD1E00C1098C /* LaunchScreen.storyboard in Resources */ = {isa = PBXBuildFile; fileRef = BB19BC6E235EBD1E00C1098C /* LaunchScreen.storyboard */; };
		BB19BC78235EBF3200C1098C /* Genre.swift in Sources */ = {isa = PBXBuildFile; fileRef = BB19BC77235EBF3200C1098C /* Genre.swift */; };
		BB19BC7A235EC13B00C1098C /* Band.swift in Sources */ = {isa = PBXBuildFile; fileRef = BB19BC79235EC13B00C1098C /* Band.swift */; };
		BB19BC7C235EC40200C1098C /* Musician.swift in Sources */ = {isa = PBXBuildFile; fileRef = BB19BC7B235EC40200C1098C /* Musician.swift */; };
		BB41E7F8236552B40090DB48 /* bands.json in Resources */ = {isa = PBXBuildFile; fileRef = BB41E7F6236551C60090DB48 /* bands.json */; };
		BB7E5921236936DF005FAADF /* BandViewModel.swift in Sources */ = {isa = PBXBuildFile; fileRef = BB7E5920236936DF005FAADF /* BandViewModel.swift */; };
		BB7E59242369381D005FAADF /* ArrayExtension.swift in Sources */ = {isa = PBXBuildFile; fileRef = BB7E59232369381D005FAADF /* ArrayExtension.swift */; };
		BB836E2E2362740600D4711D /* Skills.swift in Sources */ = {isa = PBXBuildFile; fileRef = BB836E2D2362740600D4711D /* Skills.swift */; };
		BB836E302362771D00D4711D /* Address.swift in Sources */ = {isa = PBXBuildFile; fileRef = BB836E2F2362771D00D4711D /* Address.swift */; };
		BB8E079E2364B20000C0DCB6 /* FileManagerExtension.swift in Sources */ = {isa = PBXBuildFile; fileRef = BB8E079D2364B20000C0DCB6 /* FileManagerExtension.swift */; };
		BB8E07A12364B2C500C0DCB6 /* UIImageView.swift in Sources */ = {isa = PBXBuildFile; fileRef = BB8E07A02364B2C500C0DCB6 /* UIImageView.swift */; };
		BBB9BC372363DA7A00DB93BD /* BandTableViewCell.swift in Sources */ = {isa = PBXBuildFile; fileRef = BBB9BC362363DA7A00DB93BD /* BandTableViewCell.swift */; };
/* End PBXBuildFile section */

/* Begin PBXFileReference section */
		84457352236D22EC005486DD /* BandDetailViewModel.swift */ = {isa = PBXFileReference; fileEncoding = 4; lastKnownFileType = sourcecode.swift; path = BandDetailViewModel.swift; sourceTree = "<group>"; };
		BB0AEB17236A992700B7FA29 /* BandListProvider.swift */ = {isa = PBXFileReference; lastKnownFileType = sourcecode.swift; path = BandListProvider.swift; sourceTree = "<group>"; };
		BB156A1A2362877E00BB1823 /* Review.swift */ = {isa = PBXFileReference; fileEncoding = 4; lastKnownFileType = sourcecode.swift; path = Review.swift; sourceTree = "<group>"; };
		BB156A1C2362882A00BB1823 /* User.swift */ = {isa = PBXFileReference; fileEncoding = 4; lastKnownFileType = sourcecode.swift; path = User.swift; sourceTree = "<group>"; };
		BB156A1E23629D2300BB1823 /* BandViewController.swift */ = {isa = PBXFileReference; fileEncoding = 4; lastKnownFileType = sourcecode.swift; path = BandViewController.swift; sourceTree = "<group>"; };
		BB19BC60235EBD1A00C1098C /* Project.app */ = {isa = PBXFileReference; explicitFileType = wrapper.application; includeInIndex = 0; path = Project.app; sourceTree = BUILT_PRODUCTS_DIR; };
		BB19BC63235EBD1A00C1098C /* AppDelegate.swift */ = {isa = PBXFileReference; lastKnownFileType = sourcecode.swift; path = AppDelegate.swift; sourceTree = "<group>"; };
		BB19BC65235EBD1A00C1098C /* SceneDelegate.swift */ = {isa = PBXFileReference; lastKnownFileType = sourcecode.swift; path = SceneDelegate.swift; sourceTree = "<group>"; };
		BB19BC67235EBD1A00C1098C /* BandListViewController.swift */ = {isa = PBXFileReference; lastKnownFileType = sourcecode.swift; path = BandListViewController.swift; sourceTree = "<group>"; };
		BB19BC6A235EBD1A00C1098C /* Base */ = {isa = PBXFileReference; lastKnownFileType = file.storyboard; name = Base; path = Base.lproj/Main.storyboard; sourceTree = "<group>"; };
		BB19BC6C235EBD1E00C1098C /* Assets.xcassets */ = {isa = PBXFileReference; lastKnownFileType = folder.assetcatalog; path = Assets.xcassets; sourceTree = "<group>"; };
		BB19BC6F235EBD1E00C1098C /* Base */ = {isa = PBXFileReference; lastKnownFileType = file.storyboard; name = Base; path = Base.lproj/LaunchScreen.storyboard; sourceTree = "<group>"; };
		BB19BC71235EBD1E00C1098C /* Info.plist */ = {isa = PBXFileReference; lastKnownFileType = text.plist.xml; path = Info.plist; sourceTree = "<group>"; };
		BB19BC77235EBF3200C1098C /* Genre.swift */ = {isa = PBXFileReference; lastKnownFileType = sourcecode.swift; path = Genre.swift; sourceTree = "<group>"; };
		BB19BC79235EC13B00C1098C /* Band.swift */ = {isa = PBXFileReference; lastKnownFileType = sourcecode.swift; path = Band.swift; sourceTree = "<group>"; };
		BB19BC7B235EC40200C1098C /* Musician.swift */ = {isa = PBXFileReference; lastKnownFileType = sourcecode.swift; path = Musician.swift; sourceTree = "<group>"; };
		BB41E7F6236551C60090DB48 /* bands.json */ = {isa = PBXFileReference; fileEncoding = 4; lastKnownFileType = text.json; path = bands.json; sourceTree = "<group>"; };
		BB7E5920236936DF005FAADF /* BandViewModel.swift */ = {isa = PBXFileReference; fileEncoding = 4; lastKnownFileType = sourcecode.swift; path = BandViewModel.swift; sourceTree = "<group>"; };
		BB7E59232369381D005FAADF /* ArrayExtension.swift */ = {isa = PBXFileReference; lastKnownFileType = sourcecode.swift; path = ArrayExtension.swift; sourceTree = "<group>"; };
		BB836E2D2362740600D4711D /* Skills.swift */ = {isa = PBXFileReference; fileEncoding = 4; lastKnownFileType = sourcecode.swift; path = Skills.swift; sourceTree = "<group>"; };
		BB836E2F2362771D00D4711D /* Address.swift */ = {isa = PBXFileReference; fileEncoding = 4; lastKnownFileType = sourcecode.swift; path = Address.swift; sourceTree = "<group>"; };
		BB8E079D2364B20000C0DCB6 /* FileManagerExtension.swift */ = {isa = PBXFileReference; lastKnownFileType = sourcecode.swift; path = FileManagerExtension.swift; sourceTree = "<group>"; };
		BB8E07A02364B2C500C0DCB6 /* UIImageView.swift */ = {isa = PBXFileReference; fileEncoding = 4; lastKnownFileType = sourcecode.swift; path = UIImageView.swift; sourceTree = "<group>"; };
		BBB9BC362363DA7A00DB93BD /* BandTableViewCell.swift */ = {isa = PBXFileReference; lastKnownFileType = sourcecode.swift; path = BandTableViewCell.swift; sourceTree = "<group>"; };
/* End PBXFileReference section */

/* Begin PBXFrameworksBuildPhase section */
		BB19BC5D235EBD1A00C1098C /* Frameworks */ = {
			isa = PBXFrameworksBuildPhase;
			buildActionMask = 2147483647;
			files = (
			);
			runOnlyForDeploymentPostprocessing = 0;
		};
/* End PBXFrameworksBuildPhase section */

/* Begin PBXGroup section */
		BB02CCDF23615D75000D53FF /* DataModel */ = {
			isa = PBXGroup;
			children = (
				BB19BC77235EBF3200C1098C /* Genre.swift */,
				BB836E2D2362740600D4711D /* Skills.swift */,
				BB19BC79235EC13B00C1098C /* Band.swift */,
				BB156A1C2362882A00BB1823 /* User.swift */,
				BB156A1A2362877E00BB1823 /* Review.swift */,
				BB836E2F2362771D00D4711D /* Address.swift */,
				BB19BC7B235EC40200C1098C /* Musician.swift */,
			);
			path = DataModel;
			sourceTree = "<group>";
		};
		BB02CCE023616113000D53FF /* View */ = {
			isa = PBXGroup;
			children = (
				BB19BC69235EBD1A00C1098C /* Main.storyboard */,
				BB19BC6E235EBD1E00C1098C /* LaunchScreen.storyboard */,
				BBB9BC362363DA7A00DB93BD /* BandTableViewCell.swift */,
			);
			path = View;
			sourceTree = "<group>";
		};
		BB02CCE12361627D000D53FF /* ViewController */ = {
			isa = PBXGroup;
			children = (
				BB19BC67235EBD1A00C1098C /* BandListViewController.swift */,
				BB156A1E23629D2300BB1823 /* BandViewController.swift */,
			);
			path = ViewController;
			sourceTree = "<group>";
		};
		BB02CCE223616295000D53FF /* Core */ = {
			isa = PBXGroup;
			children = (
				BB19BC63235EBD1A00C1098C /* AppDelegate.swift */,
				BB19BC65235EBD1A00C1098C /* SceneDelegate.swift */,
			);
			path = Core;
			sourceTree = "<group>";
		};
		BB0AEB16236A990100B7FA29 /* Provider */ = {
			isa = PBXGroup;
			children = (
				BB0AEB17236A992700B7FA29 /* BandListProvider.swift */,
			);
			path = Provider;
			sourceTree = "<group>";
		};
		BB19BC57235EBD1A00C1098C = {
			isa = PBXGroup;
			children = (
				BB19BC62235EBD1A00C1098C /* Project */,
				BB19BC61235EBD1A00C1098C /* Products */,
			);
			sourceTree = "<group>";
		};
		BB19BC61235EBD1A00C1098C /* Products */ = {
			isa = PBXGroup;
			children = (
				BB19BC60235EBD1A00C1098C /* Project.app */,
			);
			name = Products;
			sourceTree = "<group>";
		};
		BB19BC62235EBD1A00C1098C /* Project */ = {
			isa = PBXGroup;
			children = (
				BB0AEB16236A990100B7FA29 /* Provider */,
				BB02CCE223616295000D53FF /* Core */,
				BB02CCDF23615D75000D53FF /* DataModel */,
				BB8E079F2364B20A00C0DCB6 /* Extension */,
				BB3E9E502364CDFD006240D1 /* Resources */,
				BB02CCE023616113000D53FF /* View */,
				BB02CCE12361627D000D53FF /* ViewController */,
				BB7E5922236936F1005FAADF /* ViewModel */,
				BB19BC6C235EBD1E00C1098C /* Assets.xcassets */,
				BB19BC71235EBD1E00C1098C /* Info.plist */,
			);
			path = Project;
			sourceTree = "<group>";
		};
		BB3E9E502364CDFD006240D1 /* Resources */ = {
			isa = PBXGroup;
			children = (
				BB41E7F6236551C60090DB48 /* bands.json */,
			);
			path = Resources;
			sourceTree = "<group>";
		};
		BB7E5922236936F1005FAADF /* ViewModel */ = {
			isa = PBXGroup;
			children = (
				BB7E5920236936DF005FAADF /* BandViewModel.swift */,
				84457352236D22EC005486DD /* BandDetailViewModel.swift */,
			);
			path = ViewModel;
			sourceTree = "<group>";
		};
		BB8E079F2364B20A00C0DCB6 /* Extension */ = {
			isa = PBXGroup;
			children = (
				BB7E59232369381D005FAADF /* ArrayExtension.swift */,
				BB8E079D2364B20000C0DCB6 /* FileManagerExtension.swift */,
				BB8E07A02364B2C500C0DCB6 /* UIImageView.swift */,
			);
			path = Extension;
			sourceTree = "<group>";
		};
/* End PBXGroup section */

/* Begin PBXNativeTarget section */
		BB19BC5F235EBD1A00C1098C /* Project */ = {
			isa = PBXNativeTarget;
			buildConfigurationList = BB19BC74235EBD1E00C1098C /* Build configuration list for PBXNativeTarget "Project" */;
			buildPhases = (
				BB19BC5C235EBD1A00C1098C /* Sources */,
				BB19BC5D235EBD1A00C1098C /* Frameworks */,
				BB19BC5E235EBD1A00C1098C /* Resources */,
			);
			buildRules = (
			);
			dependencies = (
			);
			name = Project;
			productName = Project;
			productReference = BB19BC60235EBD1A00C1098C /* Project.app */;
			productType = "com.apple.product-type.application";
		};
/* End PBXNativeTarget section */

/* Begin PBXProject section */
		BB19BC58235EBD1A00C1098C /* Project object */ = {
			isa = PBXProject;
			attributes = {
				LastSwiftUpdateCheck = 1110;
				LastUpgradeCheck = 1110;
				ORGANIZATIONNAME = "Henrique Orlandin";
				TargetAttributes = {
					BB19BC5F235EBD1A00C1098C = {
						CreatedOnToolsVersion = 11.1;
					};
				};
			};
			buildConfigurationList = BB19BC5B235EBD1A00C1098C /* Build configuration list for PBXProject "Project" */;
			compatibilityVersion = "Xcode 9.3";
			developmentRegion = en;
			hasScannedForEncodings = 0;
			knownRegions = (
				en,
				Base,
			);
			mainGroup = BB19BC57235EBD1A00C1098C;
			productRefGroup = BB19BC61235EBD1A00C1098C /* Products */;
			projectDirPath = "";
			projectRoot = "";
			targets = (
				BB19BC5F235EBD1A00C1098C /* Project */,
			);
		};
/* End PBXProject section */

/* Begin PBXResourcesBuildPhase section */
		BB19BC5E235EBD1A00C1098C /* Resources */ = {
			isa = PBXResourcesBuildPhase;
			buildActionMask = 2147483647;
			files = (
				BB41E7F8236552B40090DB48 /* bands.json in Resources */,
				BB19BC70235EBD1E00C1098C /* LaunchScreen.storyboard in Resources */,
				BB19BC6D235EBD1E00C1098C /* Assets.xcassets in Resources */,
				BB19BC6B235EBD1A00C1098C /* Main.storyboard in Resources */,
			);
			runOnlyForDeploymentPostprocessing = 0;
		};
/* End PBXResourcesBuildPhase section */

/* Begin PBXSourcesBuildPhase section */
		BB19BC5C235EBD1A00C1098C /* Sources */ = {
			isa = PBXSourcesBuildPhase;
			buildActionMask = 2147483647;
			files = (
				BB836E302362771D00D4711D /* Address.swift in Sources */,
				BB8E07A12364B2C500C0DCB6 /* UIImageView.swift in Sources */,
				BB19BC68235EBD1A00C1098C /* BandListViewController.swift in Sources */,
				BB836E2E2362740600D4711D /* Skills.swift in Sources */,
				BB8E079E2364B20000C0DCB6 /* FileManagerExtension.swift in Sources */,
				BBB9BC372363DA7A00DB93BD /* BandTableViewCell.swift in Sources */,
				BB156A1F23629D2300BB1823 /* BandViewController.swift in Sources */,
				BB19BC64235EBD1A00C1098C /* AppDelegate.swift in Sources */,
				BB0AEB18236A992700B7FA29 /* BandListProvider.swift in Sources */,
				BB19BC7C235EC40200C1098C /* Musician.swift in Sources */,
				BB7E5921236936DF005FAADF /* BandViewModel.swift in Sources */,
				BB156A1B2362877E00BB1823 /* Review.swift in Sources */,
				BB7E59242369381D005FAADF /* ArrayExtension.swift in Sources */,
				BB19BC7A235EC13B00C1098C /* Band.swift in Sources */,
				BB19BC66235EBD1A00C1098C /* SceneDelegate.swift in Sources */,
				BB19BC78235EBF3200C1098C /* Genre.swift in Sources */,
				84457353236D22EC005486DD /* BandDetailViewModel.swift in Sources */,
				BB156A1D2362882A00BB1823 /* User.swift in Sources */,
			);
			runOnlyForDeploymentPostprocessing = 0;
		};
/* End PBXSourcesBuildPhase section */

/* Begin PBXVariantGroup section */
		BB19BC69235EBD1A00C1098C /* Main.storyboard */ = {
			isa = PBXVariantGroup;
			children = (
				BB19BC6A235EBD1A00C1098C /* Base */,
			);
			name = Main.storyboard;
			sourceTree = "<group>";
		};
		BB19BC6E235EBD1E00C1098C /* LaunchScreen.storyboard */ = {
			isa = PBXVariantGroup;
			children = (
				BB19BC6F235EBD1E00C1098C /* Base */,
			);
			name = LaunchScreen.storyboard;
			sourceTree = "<group>";
		};
/* End PBXVariantGroup section */

/* Begin XCBuildConfiguration section */
		BB19BC72235EBD1E00C1098C /* Debug */ = {
			isa = XCBuildConfiguration;
			buildSettings = {
				ALWAYS_SEARCH_USER_PATHS = NO;
				CLANG_ANALYZER_NONNULL = YES;
				CLANG_ANALYZER_NUMBER_OBJECT_CONVERSION = YES_AGGRESSIVE;
				CLANG_CXX_LANGUAGE_STANDARD = "gnu++14";
				CLANG_CXX_LIBRARY = "libc++";
				CLANG_ENABLE_MODULES = YES;
				CLANG_ENABLE_OBJC_ARC = YES;
				CLANG_ENABLE_OBJC_WEAK = YES;
				CLANG_WARN_BLOCK_CAPTURE_AUTORELEASING = YES;
				CLANG_WARN_BOOL_CONVERSION = YES;
				CLANG_WARN_COMMA = YES;
				CLANG_WARN_CONSTANT_CONVERSION = YES;
				CLANG_WARN_DEPRECATED_OBJC_IMPLEMENTATIONS = YES;
				CLANG_WARN_DIRECT_OBJC_ISA_USAGE = YES_ERROR;
				CLANG_WARN_DOCUMENTATION_COMMENTS = YES;
				CLANG_WARN_EMPTY_BODY = YES;
				CLANG_WARN_ENUM_CONVERSION = YES;
				CLANG_WARN_INFINITE_RECURSION = YES;
				CLANG_WARN_INT_CONVERSION = YES;
				CLANG_WARN_NON_LITERAL_NULL_CONVERSION = YES;
				CLANG_WARN_OBJC_IMPLICIT_RETAIN_SELF = YES;
				CLANG_WARN_OBJC_LITERAL_CONVERSION = YES;
				CLANG_WARN_OBJC_ROOT_CLASS = YES_ERROR;
				CLANG_WARN_RANGE_LOOP_ANALYSIS = YES;
				CLANG_WARN_STRICT_PROTOTYPES = YES;
				CLANG_WARN_SUSPICIOUS_MOVE = YES;
				CLANG_WARN_UNGUARDED_AVAILABILITY = YES_AGGRESSIVE;
				CLANG_WARN_UNREACHABLE_CODE = YES;
				CLANG_WARN__DUPLICATE_METHOD_MATCH = YES;
				COPY_PHASE_STRIP = NO;
				DEBUG_INFORMATION_FORMAT = dwarf;
				ENABLE_STRICT_OBJC_MSGSEND = YES;
				ENABLE_TESTABILITY = YES;
				GCC_C_LANGUAGE_STANDARD = gnu11;
				GCC_DYNAMIC_NO_PIC = NO;
				GCC_NO_COMMON_BLOCKS = YES;
				GCC_OPTIMIZATION_LEVEL = 0;
				GCC_PREPROCESSOR_DEFINITIONS = (
					"DEBUG=1",
					"$(inherited)",
				);
				GCC_WARN_64_TO_32_BIT_CONVERSION = YES;
				GCC_WARN_ABOUT_RETURN_TYPE = YES_ERROR;
				GCC_WARN_UNDECLARED_SELECTOR = YES;
				GCC_WARN_UNINITIALIZED_AUTOS = YES_AGGRESSIVE;
				GCC_WARN_UNUSED_FUNCTION = YES;
				GCC_WARN_UNUSED_VARIABLE = YES;
				IPHONEOS_DEPLOYMENT_TARGET = 13.1;
				MTL_ENABLE_DEBUG_INFO = INCLUDE_SOURCE;
				MTL_FAST_MATH = YES;
				ONLY_ACTIVE_ARCH = YES;
				SDKROOT = iphoneos;
				SWIFT_ACTIVE_COMPILATION_CONDITIONS = DEBUG;
				SWIFT_OPTIMIZATION_LEVEL = "-Onone";
			};
			name = Debug;
		};
		BB19BC73235EBD1E00C1098C /* Release */ = {
			isa = XCBuildConfiguration;
			buildSettings = {
				ALWAYS_SEARCH_USER_PATHS = NO;
				CLANG_ANALYZER_NONNULL = YES;
				CLANG_ANALYZER_NUMBER_OBJECT_CONVERSION = YES_AGGRESSIVE;
				CLANG_CXX_LANGUAGE_STANDARD = "gnu++14";
				CLANG_CXX_LIBRARY = "libc++";
				CLANG_ENABLE_MODULES = YES;
				CLANG_ENABLE_OBJC_ARC = YES;
				CLANG_ENABLE_OBJC_WEAK = YES;
				CLANG_WARN_BLOCK_CAPTURE_AUTORELEASING = YES;
				CLANG_WARN_BOOL_CONVERSION = YES;
				CLANG_WARN_COMMA = YES;
				CLANG_WARN_CONSTANT_CONVERSION = YES;
				CLANG_WARN_DEPRECATED_OBJC_IMPLEMENTATIONS = YES;
				CLANG_WARN_DIRECT_OBJC_ISA_USAGE = YES_ERROR;
				CLANG_WARN_DOCUMENTATION_COMMENTS = YES;
				CLANG_WARN_EMPTY_BODY = YES;
				CLANG_WARN_ENUM_CONVERSION = YES;
				CLANG_WARN_INFINITE_RECURSION = YES;
				CLANG_WARN_INT_CONVERSION = YES;
				CLANG_WARN_NON_LITERAL_NULL_CONVERSION = YES;
				CLANG_WARN_OBJC_IMPLICIT_RETAIN_SELF = YES;
				CLANG_WARN_OBJC_LITERAL_CONVERSION = YES;
				CLANG_WARN_OBJC_ROOT_CLASS = YES_ERROR;
				CLANG_WARN_RANGE_LOOP_ANALYSIS = YES;
				CLANG_WARN_STRICT_PROTOTYPES = YES;
				CLANG_WARN_SUSPICIOUS_MOVE = YES;
				CLANG_WARN_UNGUARDED_AVAILABILITY = YES_AGGRESSIVE;
				CLANG_WARN_UNREACHABLE_CODE = YES;
				CLANG_WARN__DUPLICATE_METHOD_MATCH = YES;
				COPY_PHASE_STRIP = NO;
				DEBUG_INFORMATION_FORMAT = "dwarf-with-dsym";
				ENABLE_NS_ASSERTIONS = NO;
				ENABLE_STRICT_OBJC_MSGSEND = YES;
				GCC_C_LANGUAGE_STANDARD = gnu11;
				GCC_NO_COMMON_BLOCKS = YES;
				GCC_WARN_64_TO_32_BIT_CONVERSION = YES;
				GCC_WARN_ABOUT_RETURN_TYPE = YES_ERROR;
				GCC_WARN_UNDECLARED_SELECTOR = YES;
				GCC_WARN_UNINITIALIZED_AUTOS = YES_AGGRESSIVE;
				GCC_WARN_UNUSED_FUNCTION = YES;
				GCC_WARN_UNUSED_VARIABLE = YES;
				IPHONEOS_DEPLOYMENT_TARGET = 13.1;
				MTL_ENABLE_DEBUG_INFO = NO;
				MTL_FAST_MATH = YES;
				SDKROOT = iphoneos;
				SWIFT_COMPILATION_MODE = wholemodule;
				SWIFT_OPTIMIZATION_LEVEL = "-O";
				VALIDATE_PRODUCT = YES;
			};
			name = Release;
		};
		BB19BC75235EBD1E00C1098C /* Debug */ = {
			isa = XCBuildConfiguration;
			buildSettings = {
				ASSETCATALOG_COMPILER_APPICON_NAME = AppIcon;
				CODE_SIGN_STYLE = Automatic;
				DEVELOPMENT_TEAM = RJKB9VQPXG;
				INFOPLIST_FILE = Project/Info.plist;
				LD_RUNPATH_SEARCH_PATHS = (
					"$(inherited)",
					"@executable_path/Frameworks",
				);
				PRODUCT_BUNDLE_IDENTIFIER = ca.ciccc.henrique.orlandin.Project;
				PRODUCT_NAME = "$(TARGET_NAME)";
				SWIFT_VERSION = 5.0;
				TARGETED_DEVICE_FAMILY = "1,2";
			};
			name = Debug;
		};
		BB19BC76235EBD1E00C1098C /* Release */ = {
			isa = XCBuildConfiguration;
			buildSettings = {
				ASSETCATALOG_COMPILER_APPICON_NAME = AppIcon;
				CODE_SIGN_STYLE = Automatic;
				DEVELOPMENT_TEAM = RJKB9VQPXG;
				INFOPLIST_FILE = Project/Info.plist;
				LD_RUNPATH_SEARCH_PATHS = (
					"$(inherited)",
					"@executable_path/Frameworks",
				);
				PRODUCT_BUNDLE_IDENTIFIER = ca.ciccc.henrique.orlandin.Project;
				PRODUCT_NAME = "$(TARGET_NAME)";
				SWIFT_VERSION = 5.0;
				TARGETED_DEVICE_FAMILY = "1,2";
			};
			name = Release;
		};
/* End XCBuildConfiguration section */

/* Begin XCConfigurationList section */
		BB19BC5B235EBD1A00C1098C /* Build configuration list for PBXProject "Project" */ = {
			isa = XCConfigurationList;
			buildConfigurations = (
				BB19BC72235EBD1E00C1098C /* Debug */,
				BB19BC73235EBD1E00C1098C /* Release */,
			);
			defaultConfigurationIsVisible = 0;
			defaultConfigurationName = Release;
		};
		BB19BC74235EBD1E00C1098C /* Build configuration list for PBXNativeTarget "Project" */ = {
			isa = XCConfigurationList;
			buildConfigurations = (
				BB19BC75235EBD1E00C1098C /* Debug */,
				BB19BC76235EBD1E00C1098C /* Release */,
			);
			defaultConfigurationIsVisible = 0;
			defaultConfigurationName = Release;
		};
/* End XCConfigurationList section */
	};
	rootObject = BB19BC58235EBD1A00C1098C /* Project object */;
}
